{
  "version": 4,
  "terraform_version": "1.9.3",
  "serial": 433,
  "lineage": "d8ed296d-a3a1-4ea7-f0d4-a5079b82b9af",
  "outputs": {},
  "resources": [
    {
      "module": "module.aws",
      "mode": "data",
      "type": "aws_caller_identity",
      "name": "current",
      "provider": "module.aws.provider[\"registry.terraform.io/hashicorp/aws\"]",
      "instances": [
        {
          "schema_version": 0,
          "attributes": {
            "account_id": "702523354588",
            "arn": "arn:aws:iam::702523354588:user/terraform",
            "id": "702523354588",
            "user_id": "AIDA2HENHVXOMRD522I6S"
          },
          "sensitive_attributes": []
        }
      ]
    },
    {
      "module": "module.aws",
      "mode": "data",
      "type": "aws_route53_zone",
      "name": "parent",
      "provider": "module.aws.provider[\"registry.terraform.io/hashicorp/aws\"]",
      "instances": [
        {
          "schema_version": 0,
          "attributes": {
            "arn": "arn:aws:route53:::hostedzone/Z09664493019DFNPYWNXX",
            "caller_reference": "RISWorkflow-RD:959d1ee5-3d50-47de-95ee-a272e079a2de",
            "comment": "HostedZone created by Route53 Registrar",
            "id": "Z09664493019DFNPYWNXX",
            "linked_service_description": null,
            "linked_service_principal": null,
            "name": "kat-sample-domain.link",
            "name_servers": [
              "ns-302.awsdns-37.com",
              "ns-2003.awsdns-58.co.uk",
              "ns-1530.awsdns-63.org",
              "ns-724.awsdns-26.net"
            ],
            "primary_name_server": "ns-302.awsdns-37.com",
            "private_zone": false,
            "resource_record_set_count": 7,
            "tags": {},
            "vpc_id": null,
            "zone_id": "Z09664493019DFNPYWNXX"
          },
          "sensitive_attributes": []
        }
      ]
    },
    {
      "module": "module.aws",
      "mode": "data",
      "type": "aws_ssm_parameter",
      "name": "amazonlinux_2023",
      "provider": "module.aws.provider[\"registry.terraform.io/hashicorp/aws\"]",
      "instances": [
        {
          "schema_version": 0,
          "attributes": {
            "arn": "arn:aws:ssm:ap-northeast-1::parameter/aws/service/ami-amazon-linux-latest/al2023-ami-kernel-6.1-x86_64",
            "id": "/aws/service/ami-amazon-linux-latest/al2023-ami-kernel-6.1-x86_64",
            "insecure_value": "ami-0ef29ab52ff72213b",
            "name": "/aws/service/ami-amazon-linux-latest/al2023-ami-kernel-6.1-x86_64",
            "type": "String",
            "value": "ami-0ef29ab52ff72213b",
            "version": 89,
            "with_decryption": true
          },
          "sensitive_attributes": [
            [
              {
                "type": "get_attr",
                "value": "value"
              }
            ]
          ]
        }
      ]
    },
    {
      "module": "module.aws",
      "mode": "managed",
      "type": "aws_acm_certificate",
      "name": "main",
      "provider": "module.aws.provider[\"registry.terraform.io/hashicorp/aws\"]",
      "instances": [
        {
          "schema_version": 0,
          "attributes": {
            "arn": "arn:aws:acm:ap-northeast-1:702523354588:certificate/2c3f4aa6-45ed-4447-b69d-0ea41b6bea23",
            "certificate_authority_arn": "",
            "certificate_body": null,
            "certificate_chain": null,
            "domain_name": "appsub.kat-sample-domain.link",
            "domain_validation_options": [
              {
                "domain_name": "appsub.kat-sample-domain.link",
                "resource_record_name": "_4f23f18553609c18e0c04d7482782296.appsub.kat-sample-domain.link.",
                "resource_record_type": "CNAME",
                "resource_record_value": "_726eee8fe12b4670fcc2b0682ab8bb56.djqtsrsxkq.acm-validations.aws."
              }
            ],
            "early_renewal_duration": "",
            "id": "arn:aws:acm:ap-northeast-1:702523354588:certificate/2c3f4aa6-45ed-4447-b69d-0ea41b6bea23",
            "key_algorithm": "RSA_2048",
            "not_after": "2025-10-31T23:59:59Z",
            "not_before": "2024-10-02T00:00:00Z",
            "options": [
              {
                "certificate_transparency_logging_preference": "ENABLED"
              }
            ],
            "pending_renewal": false,
            "private_key": null,
            "renewal_eligibility": "ELIGIBLE",
            "renewal_summary": [],
            "status": "ISSUED",
            "subject_alternative_names": [
              "appsub.kat-sample-domain.link"
            ],
            "tags": {},
            "tags_all": {},
            "type": "AMAZON_ISSUED",
            "validation_emails": [],
            "validation_method": "DNS",
            "validation_option": []
          },
          "sensitive_attributes": [
            [
              {
                "type": "get_attr",
                "value": "private_key"
              }
            ]
          ],
          "private": "bnVsbA==",
          "dependencies": [
            "module.aws.aws_route53_zone.main"
          ]
        }
      ]
    },
    {
      "module": "module.aws",
      "mode": "managed",
      "type": "aws_acm_certificate_validation",
      "name": "cert",
      "provider": "module.aws.provider[\"registry.terraform.io/hashicorp/aws\"]",
      "instances": [
        {
          "schema_version": 0,
          "attributes": {
            "certificate_arn": "arn:aws:acm:ap-northeast-1:702523354588:certificate/2c3f4aa6-45ed-4447-b69d-0ea41b6bea23",
            "id": "2024-10-02 09:44:08.775 +0000 UTC",
            "timeouts": null,
            "validation_record_fqdns": [
              "_4f23f18553609c18e0c04d7482782296.appsub.kat-sample-domain.link"
            ]
          },
          "sensitive_attributes": [],
          "private": "eyJlMmJmYjczMC1lY2FhLTExZTYtOGY4OC0zNDM2M2JjN2M0YzAiOnsiY3JlYXRlIjo0NTAwMDAwMDAwMDAwfX0=",
          "dependencies": [
            "module.aws.aws_acm_certificate.main",
            "module.aws.aws_route53_record.cert_validation",
            "module.aws.aws_route53_zone.main"
          ]
        }
      ]
    },
    {
      "module": "module.aws",
      "mode": "managed",
      "type": "aws_athena_database",
      "name": "nginx",
      "provider": "module.aws.provider[\"registry.terraform.io/hashicorp/aws\"]",
      "instances": [
        {
          "schema_version": 0,
          "attributes": {
            "acl_configuration": [],
            "bucket": "fluentd-log-renewing-redfish",
            "comment": "",
            "encryption_configuration": [],
            "expected_bucket_owner": null,
            "force_destroy": false,
            "id": "nginx_logs_db",
            "name": "nginx_logs_db",
            "properties": {}
          },
          "sensitive_attributes": [],
          "private": "bnVsbA==",
          "dependencies": [
            "module.aws.aws_s3_bucket.fluentd_bucket",
            "module.aws.random_pet.bucket_name"
          ]
        }
      ]
    },
    {
      "module": "module.aws",
      "mode": "managed",
      "type": "aws_athena_named_query",
      "name": "create_table",
      "provider": "module.aws.provider[\"registry.terraform.io/hashicorp/aws\"]",
      "instances": [
        {
          "schema_version": 0,
          "attributes": {
            "database": "nginx_logs_db",
            "description": "",
            "id": "9b679f50-18bc-4061-836c-3273ce37b9a1",
            "name": "create_nginx_logs_table",
            "query": "CREATE EXTERNAL TABLE IF NOT EXISTS nginx_logs_db.nginx_logs (\n    source string,\n    container_name string,\n    container_id string,\n    ecs_cluster string,\n    ecs_task_arn string,\n    ecs_task_definition string,\n    remote string,\n    host string,\n    user string,\n    time string,\n    method string,\n    path string,\n    code string,\n    size string,\n    referer string,\n    agent string,\n    http_x_forwarded_for string\n)\nPARTITIONED BY (dt string)\n\nROW FORMAT  serde 'org.openx.data.jsonserde.JsonSerDe'\nLOCATION 's3://fluentd-log-renewing-redfish/nginx/logs';",
            "workgroup": "sample-workgroup"
          },
          "sensitive_attributes": [],
          "private": "bnVsbA==",
          "dependencies": [
            "module.aws.aws_athena_database.nginx",
            "module.aws.aws_athena_workgroup.this",
            "module.aws.aws_s3_bucket.athena_output_bucket",
            "module.aws.aws_s3_bucket.fluentd_bucket",
            "module.aws.random_pet.athena_workgroup_namebucket_name",
            "module.aws.random_pet.bucket_name"
          ]
        }
      ]
    },
    {
      "module": "module.aws",
      "mode": "managed",
      "type": "aws_athena_workgroup",
      "name": "this",
      "provider": "module.aws.provider[\"registry.terraform.io/hashicorp/aws\"]",
      "instances": [
        {
          "schema_version": 0,
          "attributes": {
            "arn": "arn:aws:athena:ap-northeast-1:702523354588:workgroup/sample-workgroup",
            "configuration": [
              {
                "bytes_scanned_cutoff_per_query": 0,
                "enforce_workgroup_configuration": true,
                "engine_version": [
                  {
                    "effective_engine_version": "Athena engine version 3",
                    "selected_engine_version": "AUTO"
                  }
                ],
                "execution_role": "",
                "publish_cloudwatch_metrics_enabled": false,
                "requester_pays_enabled": false,
                "result_configuration": [
                  {
                    "acl_configuration": [],
                    "encryption_configuration": [],
                    "expected_bucket_owner": "",
                    "output_location": "s3://athena-output-bucket-true-griffon/athena-result/"
                  }
                ]
              }
            ],
            "description": "",
            "force_destroy": false,
            "id": "sample-workgroup",
            "name": "sample-workgroup",
            "state": "ENABLED",
            "tags": {},
            "tags_all": {}
          },
          "sensitive_attributes": [],
          "private": "bnVsbA==",
          "dependencies": [
            "module.aws.aws_s3_bucket.athena_output_bucket",
            "module.aws.random_pet.athena_workgroup_namebucket_name"
          ]
        }
      ]
    },
    {
      "module": "module.aws",
      "mode": "managed",
      "type": "aws_cloudwatch_log_group",
      "name": "main",
      "provider": "module.aws.provider[\"registry.terraform.io/hashicorp/aws\"]",
      "instances": [
        {
          "schema_version": 0,
          "attributes": {
            "arn": "arn:aws:logs:ap-northeast-1:702523354588:log-group:/ecs/data_platform_sample",
            "id": "/ecs/data_platform_sample",
            "kms_key_id": "",
            "log_group_class": "STANDARD",
            "name": "/ecs/data_platform_sample",
            "name_prefix": "",
            "retention_in_days": 30,
            "skip_destroy": false,
            "tags": {},
            "tags_all": {}
          },
          "sensitive_attributes": [],
          "private": "bnVsbA=="
        }
      ]
    },
    {
      "module": "module.aws",
      "mode": "managed",
      "type": "aws_db_instance",
      "name": "main",
      "provider": "module.aws.provider[\"registry.terraform.io/hashicorp/aws\"]",
      "instances": [
        {
          "schema_version": 2,
          "attributes": {
            "address": "testdb.crawaq8qquz1.ap-northeast-1.rds.amazonaws.com",
            "allocated_storage": 20,
            "allow_major_version_upgrade": null,
            "apply_immediately": false,
            "arn": "arn:aws:rds:ap-northeast-1:702523354588:db:testdb",
            "auto_minor_version_upgrade": true,
            "availability_zone": "ap-northeast-1c",
            "backup_retention_period": 0,
            "backup_target": "region",
            "backup_window": "17:11-17:41",
            "blue_green_update": [],
            "ca_cert_identifier": "rds-ca-rsa2048-g1",
            "character_set_name": "",
            "copy_tags_to_snapshot": false,
            "custom_iam_instance_profile": "",
            "customer_owned_ip_enabled": false,
            "db_name": "postgres",
            "db_subnet_group_name": "testdb",
            "dedicated_log_volume": false,
            "delete_automated_backups": true,
            "deletion_protection": false,
            "domain": "",
            "domain_auth_secret_arn": "",
            "domain_dns_ips": [],
            "domain_fqdn": "",
            "domain_iam_role_name": "",
            "domain_ou": "",
            "enabled_cloudwatch_logs_exports": [],
            "endpoint": "testdb.crawaq8qquz1.ap-northeast-1.rds.amazonaws.com:5432",
            "engine": "postgres",
            "engine_lifecycle_support": "open-source-rds-extended-support",
            "engine_version": "16.3",
            "engine_version_actual": "16.3",
            "final_snapshot_identifier": null,
            "hosted_zone_id": "Z24O6O9L7SGTNB",
            "iam_database_authentication_enabled": false,
            "id": "db-V3O6HZUHOVFWKFAMIKYWVTXH4Y",
            "identifier": "testdb",
            "identifier_prefix": "",
            "instance_class": "db.t4g.micro",
            "iops": 0,
            "kms_key_id": "",
            "latest_restorable_time": "",
            "license_model": "postgresql-license",
            "listener_endpoint": [],
            "maintenance_window": "sat:13:32-sat:14:02",
            "manage_master_user_password": null,
            "master_user_secret": [],
            "master_user_secret_kms_key_id": null,
            "max_allocated_storage": 0,
            "monitoring_interval": 0,
            "monitoring_role_arn": "",
            "multi_az": false,
            "nchar_character_set_name": "",
            "network_type": "IPV4",
            "option_group_name": "default:postgres-16",
            "parameter_group_name": "default.postgres16",
            "password": "password",
            "performance_insights_enabled": false,
            "performance_insights_kms_key_id": "",
            "performance_insights_retention_period": 0,
            "port": 5432,
            "publicly_accessible": false,
            "replica_mode": "",
            "replicas": [],
            "replicate_source_db": "",
            "resource_id": "db-V3O6HZUHOVFWKFAMIKYWVTXH4Y",
            "restore_to_point_in_time": [],
            "s3_import": [],
            "skip_final_snapshot": true,
            "snapshot_identifier": null,
            "status": "available",
            "storage_encrypted": false,
            "storage_throughput": 0,
            "storage_type": "gp2",
            "tags": {},
            "tags_all": {},
            "timeouts": null,
            "timezone": "",
            "upgrade_storage_config": null,
            "username": "postgres",
            "vpc_security_group_ids": [
              "sg-054658aa99ad00f43"
            ]
          },
          "sensitive_attributes": [
            [
              {
                "type": "get_attr",
                "value": "password"
              }
            ]
          ],
          "private": "eyJlMmJmYjczMC1lY2FhLTExZTYtOGY4OC0zNDM2M2JjN2M0YzAiOnsiY3JlYXRlIjoyNDAwMDAwMDAwMDAwLCJkZWxldGUiOjM2MDAwMDAwMDAwMDAsInVwZGF0ZSI6NDgwMDAwMDAwMDAwMH0sInNjaGVtYV92ZXJzaW9uIjoiMiJ9",
          "dependencies": [
            "module.aws.aws_db_subnet_group.main",
            "module.aws.aws_security_group.bastion_sg",
            "module.aws.aws_security_group.rds",
            "module.aws.module.vpc.aws_subnet.private",
            "module.aws.module.vpc.aws_vpc.this",
            "module.aws.module.vpc.aws_vpc_ipv4_cidr_block_association.this"
          ],
          "create_before_destroy": true
        }
      ]
    },
    {
      "module": "module.aws",
      "mode": "managed",
      "type": "aws_db_subnet_group",
      "name": "main",
      "provider": "module.aws.provider[\"registry.terraform.io/hashicorp/aws\"]",
      "instances": [
        {
          "schema_version": 0,
          "attributes": {
            "arn": "arn:aws:rds:ap-northeast-1:702523354588:subgrp:testdb",
            "description": "Managed by Terraform",
            "id": "testdb",
            "name": "testdb",
            "name_prefix": "",
            "subnet_ids": [
              "subnet-09c754bc2668cee9c",
              "subnet-0c8d8c58a78e5c344"
            ],
            "supported_network_types": [
              "IPV4"
            ],
            "tags": {},
            "tags_all": {},
            "vpc_id": "vpc-012ae31893226c39b"
          },
          "sensitive_attributes": [],
          "private": "bnVsbA==",
          "dependencies": [
            "module.aws.module.vpc.aws_subnet.private",
            "module.aws.module.vpc.aws_vpc.this",
            "module.aws.module.vpc.aws_vpc_ipv4_cidr_block_association.this"
          ],
          "create_before_destroy": true
        }
      ]
    },
    {
      "module": "module.aws",
      "mode": "managed",
      "type": "aws_ecr_repository",
      "name": "fluentd",
      "provider": "module.aws.provider[\"registry.terraform.io/hashicorp/aws\"]",
      "instances": [
        {
          "schema_version": 0,
          "attributes": {
            "arn": "arn:aws:ecr:ap-northeast-1:702523354588:repository/fluentd",
            "encryption_configuration": [
              {
                "encryption_type": "AES256",
                "kms_key": ""
              }
            ],
            "force_delete": null,
            "id": "fluentd",
            "image_scanning_configuration": [
              {
                "scan_on_push": true
              }
            ],
            "image_tag_mutability": "MUTABLE",
            "name": "fluentd",
            "registry_id": "702523354588",
            "repository_url": "702523354588.dkr.ecr.ap-northeast-1.amazonaws.com/fluentd",
            "tags": {},
            "tags_all": {},
            "timeouts": null
          },
          "sensitive_attributes": [],
          "private": "eyJlMmJmYjczMC1lY2FhLTExZTYtOGY4OC0zNDM2M2JjN2M0YzAiOnsiZGVsZXRlIjoxMjAwMDAwMDAwMDAwfX0="
        }
      ]
    },
    {
      "module": "module.aws",
      "mode": "managed",
      "type": "aws_ecr_repository",
      "name": "main",
      "provider": "module.aws.provider[\"registry.terraform.io/hashicorp/aws\"]",
      "instances": [
        {
          "schema_version": 0,
          "attributes": {
            "arn": "arn:aws:ecr:ap-northeast-1:702523354588:repository/nginx_server",
            "encryption_configuration": [
              {
                "encryption_type": "AES256",
                "kms_key": ""
              }
            ],
            "force_delete": null,
            "id": "nginx_server",
            "image_scanning_configuration": [
              {
                "scan_on_push": true
              }
            ],
            "image_tag_mutability": "MUTABLE",
            "name": "nginx_server",
            "registry_id": "702523354588",
            "repository_url": "702523354588.dkr.ecr.ap-northeast-1.amazonaws.com/nginx_server",
            "tags": {},
            "tags_all": {},
            "timeouts": null
          },
          "sensitive_attributes": [],
          "private": "eyJlMmJmYjczMC1lY2FhLTExZTYtOGY4OC0zNDM2M2JjN2M0YzAiOnsiZGVsZXRlIjoxMjAwMDAwMDAwMDAwfX0="
        }
      ]
    },
    {
      "module": "module.aws",
      "mode": "managed",
      "type": "aws_ecs_cluster",
      "name": "main",
      "provider": "module.aws.provider[\"registry.terraform.io/hashicorp/aws\"]",
      "instances": [
        {
          "schema_version": 0,
          "attributes": {
            "arn": "arn:aws:ecs:ap-northeast-1:702523354588:cluster/server",
            "configuration": [],
            "id": "arn:aws:ecs:ap-northeast-1:702523354588:cluster/server",
            "name": "server",
            "service_connect_defaults": [],
            "setting": [
              {
                "name": "containerInsights",
                "value": "disabled"
              }
            ],
            "tags": {},
            "tags_all": {}
          },
          "sensitive_attributes": [],
          "private": "bnVsbA=="
        }
      ]
    },
    {
      "module": "module.aws",
      "mode": "managed",
      "type": "aws_ecs_service",
      "name": "main",
      "provider": "module.aws.provider[\"registry.terraform.io/hashicorp/aws\"]",
      "instances": [
        {
          "schema_version": 1,
          "attributes": {
            "alarms": [],
            "capacity_provider_strategy": [],
            "cluster": "arn:aws:ecs:ap-northeast-1:702523354588:cluster/server",
            "deployment_circuit_breaker": [
              {
                "enable": false,
                "rollback": false
              }
            ],
            "deployment_controller": [
              {
                "type": "ECS"
              }
            ],
            "deployment_maximum_percent": 200,
            "deployment_minimum_healthy_percent": 100,
            "desired_count": 1,
            "enable_ecs_managed_tags": false,
            "enable_execute_command": true,
            "force_delete": null,
            "force_new_deployment": null,
            "health_check_grace_period_seconds": 0,
            "iam_role": "/aws-service-role/ecs.amazonaws.com/AWSServiceRoleForECS",
            "id": "arn:aws:ecs:ap-northeast-1:702523354588:service/server/server",
            "launch_type": "FARGATE",
            "load_balancer": [
              {
                "container_name": "server",
                "container_port": 80,
                "elb_name": "",
                "target_group_arn": "arn:aws:elasticloadbalancing:ap-northeast-1:702523354588:targetgroup/server/c90e14e2ce4ca2ec"
              }
            ],
            "name": "server",
            "network_configuration": [
              {
                "assign_public_ip": false,
                "security_groups": [
                  "sg-03a38cf50377ea3b4"
                ],
                "subnets": [
                  "subnet-09c754bc2668cee9c",
                  "subnet-0c8d8c58a78e5c344"
                ]
              }
            ],
            "ordered_placement_strategy": [],
            "placement_constraints": [],
            "platform_version": "LATEST",
            "propagate_tags": "NONE",
            "scheduling_strategy": "REPLICA",
            "service_connect_configuration": [],
            "service_registries": [],
            "tags": {},
            "tags_all": {},
            "task_definition": "arn:aws:ecs:ap-northeast-1:702523354588:task-definition/server:19",
            "timeouts": null,
            "triggers": {},
            "volume_configuration": [],
            "wait_for_steady_state": false
          },
          "sensitive_attributes": [],
          "private": "eyJlMmJmYjczMC1lY2FhLTExZTYtOGY4OC0zNDM2M2JjN2M0YzAiOnsiY3JlYXRlIjoxMjAwMDAwMDAwMDAwLCJkZWxldGUiOjEyMDAwMDAwMDAwMDAsInVwZGF0ZSI6MTIwMDAwMDAwMDAwMH0sInNjaGVtYV92ZXJzaW9uIjoiMSJ9",
          "dependencies": [
            "module.aws.aws_cloudwatch_log_group.main",
            "module.aws.aws_ecr_repository.fluentd",
            "module.aws.aws_ecr_repository.main",
            "module.aws.aws_ecs_cluster.main",
            "module.aws.aws_ecs_task_definition.main",
            "module.aws.aws_iam_role.execution_role",
            "module.aws.aws_iam_role.task_role",
            "module.aws.aws_lb_target_group.main",
            "module.aws.aws_s3_bucket.fluentd_bucket",
            "module.aws.aws_security_group.alb_sg",
            "module.aws.aws_security_group.ecs",
            "module.aws.module.vpc.aws_subnet.private",
            "module.aws.module.vpc.aws_vpc.this",
            "module.aws.module.vpc.aws_vpc_ipv4_cidr_block_association.this",
            "module.aws.random_pet.bucket_name"
          ]
        }
      ]
    },
    {
      "module": "module.aws",
      "mode": "managed",
      "type": "aws_ecs_task_definition",
      "name": "main",
      "provider": "module.aws.provider[\"registry.terraform.io/hashicorp/aws\"]",
      "instances": [
        {
          "schema_version": 1,
          "attributes": {
            "arn": "arn:aws:ecs:ap-northeast-1:702523354588:task-definition/server:19",
            "arn_without_revision": "arn:aws:ecs:ap-northeast-1:702523354588:task-definition/server",
            "container_definitions": "[{\"environment\":[{\"name\":\"AWS_REGION\",\"value\":\"ap-northeast-1\"},{\"name\":\"S3_BUCKET_NAME\",\"value\":\"fluentd-log-renewing-redfish\"}],\"essential\":true,\"firelensConfiguration\":{\"options\":{\"config-file-type\":\"file\",\"config-file-value\":\"/fluentd/etc/my_fluent.conf\"},\"type\":\"fluentd\"},\"image\":\"702523354588.dkr.ecr.ap-northeast-1.amazonaws.com/fluentd:latest\",\"logConfiguration\":{\"logDriver\":\"awslogs\",\"options\":{\"awslogs-region\":\"ap-northeast-1\",\"awslogs-stream-prefix\":\"fluentd\",\"awslogs-group\":\"/ecs/data_platform_sample\"}},\"memoryReservation\":512,\"mountPoints\":[],\"name\":\"fluentd\",\"portMappings\":[{\"containerPort\":24224,\"hostPort\":24224,\"protocol\":\"tcp\"}],\"systemControls\":[],\"user\":\"0\",\"volumesFrom\":[]},{\"cpu\":512,\"environment\":[],\"essential\":true,\"image\":\"702523354588.dkr.ecr.ap-northeast-1.amazonaws.com/nginx_server:latest\",\"logConfiguration\":{\"logDriver\":\"awsfirelens\"},\"memory\":1024,\"memoryReservation\":512,\"mountPoints\":[],\"name\":\"server\",\"portMappings\":[{\"containerPort\":80,\"hostPort\":80,\"protocol\":\"tcp\"}],\"systemControls\":[],\"volumesFrom\":[]}]",
            "cpu": "512",
            "ephemeral_storage": [],
            "execution_role_arn": "arn:aws:iam::702523354588:role/ecsTaskExecutionRole",
            "family": "server",
            "id": "server",
            "inference_accelerator": [],
            "ipc_mode": "",
            "memory": "2048",
            "network_mode": "awsvpc",
            "pid_mode": "",
            "placement_constraints": [],
            "proxy_configuration": [],
            "requires_compatibilities": [
              "FARGATE"
            ],
            "revision": 19,
            "runtime_platform": [
              {
                "cpu_architecture": "X86_64",
                "operating_system_family": "LINUX"
              }
            ],
            "skip_destroy": false,
            "tags": {},
            "tags_all": {},
            "task_role_arn": "arn:aws:iam::702523354588:role/ecsTaskRole",
            "track_latest": true,
            "volume": []
          },
          "sensitive_attributes": [],
          "private": "eyJzY2hlbWFfdmVyc2lvbiI6IjEifQ==",
          "dependencies": [
            "module.aws.aws_cloudwatch_log_group.main",
            "module.aws.aws_ecr_repository.fluentd",
            "module.aws.aws_ecr_repository.main",
            "module.aws.aws_iam_role.execution_role",
            "module.aws.aws_iam_role.task_role",
            "module.aws.aws_s3_bucket.fluentd_bucket",
            "module.aws.random_pet.bucket_name"
          ]
        }
      ]
    },
    {
      "module": "module.aws",
      "mode": "managed",
      "type": "aws_glue_catalog_database",
      "name": "main",
      "provider": "module.aws.provider[\"registry.terraform.io/hashicorp/aws\"]",
      "instances": [
        {
          "schema_version": 0,
          "attributes": {
            "arn": "arn:aws:glue:ap-northeast-1:702523354588:database/rds_database",
            "catalog_id": "702523354588",
            "create_table_default_permission": [
              {
                "permissions": [
                  "ALL"
                ],
                "principal": [
                  {
                    "data_lake_principal_identifier": "IAM_ALLOWED_PRINCIPALS"
                  }
                ]
              }
            ],
            "description": "",
            "federated_database": [],
            "id": "702523354588:rds_database",
            "location_uri": "",
            "name": "rds_database",
            "parameters": {},
            "tags": {},
            "tags_all": {},
            "target_database": []
          },
          "sensitive_attributes": [],
          "private": "bnVsbA=="
        }
      ]
    },
    {
      "module": "module.aws",
      "mode": "managed",
      "type": "aws_glue_crawler",
      "name": "rds",
      "provider": "module.aws.provider[\"registry.terraform.io/hashicorp/aws\"]",
      "instances": [
        {
          "schema_version": 0,
          "attributes": {
            "arn": "arn:aws:glue:ap-northeast-1:702523354588:crawler/RDS",
            "catalog_target": [],
            "classifiers": [],
            "configuration": "",
            "database_name": "rds_database",
            "delta_target": [],
            "description": "",
            "dynamodb_target": [],
            "hudi_target": [],
            "iceberg_target": [],
            "id": "RDS",
            "jdbc_target": [],
            "lake_formation_configuration": [
              {
                "account_id": "",
                "use_lake_formation_credentials": false
              }
            ],
            "lineage_configuration": [
              {
                "crawler_lineage_settings": "DISABLE"
              }
            ],
            "mongodb_target": [],
            "name": "RDS",
            "recrawl_policy": [
              {
                "recrawl_behavior": "CRAWL_EVERYTHING"
              }
            ],
            "role": "glue-rds-crawler",
            "s3_target": [
              {
                "connection_name": "",
                "dlq_event_queue_arn": "",
                "event_queue_arn": "",
                "exclusions": [],
                "path": "s3://snapshot-exporter-bucket/",
                "sample_size": 0
              }
            ],
            "schedule": "",
            "schema_change_policy": [
              {
                "delete_behavior": "DEPRECATE_IN_DATABASE",
                "update_behavior": "UPDATE_IN_DATABASE"
              }
            ],
            "security_configuration": "",
            "table_prefix": "",
            "tags": {},
            "tags_all": {}
          },
          "sensitive_attributes": [],
          "private": "bnVsbA==",
          "dependencies": [
            "module.aws.aws_glue_catalog_database.main",
            "module.aws.aws_iam_role.glue_rds_cralwer",
            "module.aws.aws_s3_bucket.snapshot_exporter_bucket"
          ]
        }
      ]
    },
    {
      "module": "module.aws",
      "mode": "managed",
      "type": "aws_iam_instance_profile",
      "name": "ssm_instance_profile",
      "provider": "module.aws.provider[\"registry.terraform.io/hashicorp/aws\"]",
      "instances": [
        {
          "schema_version": 0,
          "attributes": {
            "arn": "arn:aws:iam::702523354588:instance-profile/ssm-instance-profile",
            "create_date": "2024-10-01T07:55:36Z",
            "id": "ssm-instance-profile",
            "name": "ssm-instance-profile",
            "name_prefix": "",
            "path": "/",
            "role": "ssm-role",
            "tags": {},
            "tags_all": {},
            "unique_id": "AIPA2HENHVXOKG7YKHXPT"
          },
          "sensitive_attributes": [],
          "private": "bnVsbA==",
          "dependencies": [
            "module.aws.aws_iam_role.ssm_role"
          ]
        }
      ]
    },
    {
      "module": "module.aws",
      "mode": "managed",
      "type": "aws_iam_policy",
      "name": "snapshot_exporter_lambda_policy",
      "provider": "module.aws.provider[\"registry.terraform.io/hashicorp/aws\"]",
      "instances": [
        {
          "schema_version": 0,
          "attributes": {
            "arn": "arn:aws:iam::702523354588:policy/snapshot-exporter-lambda-policy",
            "attachment_count": 1,
            "description": "",
            "id": "arn:aws:iam::702523354588:policy/snapshot-exporter-lambda-policy",
            "name": "snapshot-exporter-lambda-policy",
            "name_prefix": "",
            "path": "/",
            "policy": "{\"Statement\":[{\"Action\":[\"s3:ListBucket\",\"s3:DeleteObject\"],\"Effect\":\"Allow\",\"Resource\":[\"arn:aws:s3:::snapshot-exporter-bucket\",\"arn:aws:s3:::snapshot-exporter-bucket/*\"]},{\"Action\":[\"iam:PassRole\",\"rds:StartExportTask\",\"rds:DescribeDBSnapshots\",\"rds:CreateDBSnapshot\"],\"Effect\":\"Allow\",\"Resource\":\"*\"},{\"Action\":[\"kms:Decrypt\",\"kms:Encrypt\",\"kms:GenerateDataKey*\",\"kms:ReEncryptFrom\",\"kms:ReEncryptTo\",\"kms:CreateGrant\",\"kms:DescribeKey\",\"kms:RetireGrant\"],\"Effect\":\"Allow\",\"Resource\":\"arn:aws:kms:ap-northeast-1:702523354588:key/8940c391-87aa-4c9d-be62-8d11aa27c484\"}],\"Version\":\"2012-10-17\"}",
            "policy_id": "ANPA2HENHVXOA4LEYFKAB",
            "tags": {},
            "tags_all": {}
          },
          "sensitive_attributes": [],
          "private": "bnVsbA==",
          "dependencies": [
            "module.aws.aws_kms_key.main",
            "module.aws.aws_s3_bucket.snapshot_exporter_bucket",
            "module.aws.data.aws_caller_identity.current"
          ],
          "create_before_destroy": true
        }
      ]
    },
    {
      "module": "module.aws",
      "mode": "managed",
      "type": "aws_iam_role",
      "name": "execution_role",
      "provider": "module.aws.provider[\"registry.terraform.io/hashicorp/aws\"]",
      "instances": [
        {
          "schema_version": 0,
          "attributes": {
            "arn": "arn:aws:iam::702523354588:role/ecsTaskExecutionRole",
            "assume_role_policy": "{\"Statement\":[{\"Action\":\"sts:AssumeRole\",\"Effect\":\"Allow\",\"Principal\":{\"Service\":\"ecs-tasks.amazonaws.com\"}}],\"Version\":\"2012-10-17\"}",
            "create_date": "2024-10-02T11:04:28Z",
            "description": "",
            "force_detach_policies": false,
            "id": "ecsTaskExecutionRole",
            "inline_policy": [],
            "managed_policy_arns": [
              "arn:aws:iam::aws:policy/service-role/AmazonECSTaskExecutionRolePolicy"
            ],
            "max_session_duration": 3600,
            "name": "ecsTaskExecutionRole",
            "name_prefix": "",
            "path": "/",
            "permissions_boundary": "",
            "tags": {},
            "tags_all": {},
            "unique_id": "AROA2HENHVXOIG7D3EBZW"
          },
          "sensitive_attributes": [],
          "private": "bnVsbA=="
        }
      ]
    },
    {
      "module": "module.aws",
      "mode": "managed",
      "type": "aws_iam_role",
      "name": "glue_rds_cralwer",
      "provider": "module.aws.provider[\"registry.terraform.io/hashicorp/aws\"]",
      "instances": [
        {
          "schema_version": 0,
          "attributes": {
            "arn": "arn:aws:iam::702523354588:role/glue-rds-crawler",
            "assume_role_policy": "{\"Statement\":[{\"Action\":\"sts:AssumeRole\",\"Effect\":\"Allow\",\"Principal\":{\"Service\":\"glue.amazonaws.com\"}}],\"Version\":\"2012-10-17\"}",
            "create_date": "2024-10-05T10:18:22Z",
            "description": "",
            "force_detach_policies": false,
            "id": "glue-rds-crawler",
            "inline_policy": [
              {
                "name": "glue-rds-crawler-policy",
                "policy": "{\"Version\":\"2012-10-17\",\"Statement\":[{\"Action\":[\"s3:GetObject\"],\"Effect\":\"Allow\",\"Resource\":[\"arn:aws:s3:::snapshot-exporter-bucket\",\"arn:aws:s3:::snapshot-exporter-bucket/*\"]},{\"Action\":[\"kms:Decrypt\"],\"Effect\":\"Allow\",\"Resource\":\"arn:aws:kms:ap-northeast-1:702523354588:key/8940c391-87aa-4c9d-be62-8d11aa27c484\"}]}"
              }
            ],
            "managed_policy_arns": [
              "arn:aws:iam::aws:policy/service-role/AWSGlueServiceRole"
            ],
            "max_session_duration": 3600,
            "name": "glue-rds-crawler",
            "name_prefix": "",
            "path": "/",
            "permissions_boundary": "",
            "tags": {},
            "tags_all": {},
            "unique_id": "AROA2HENHVXOF23ZK7FBY"
          },
          "sensitive_attributes": [],
          "private": "bnVsbA=="
        }
      ]
    },
    {
      "module": "module.aws",
      "mode": "managed",
      "type": "aws_iam_role",
      "name": "scheduler",
      "provider": "module.aws.provider[\"registry.terraform.io/hashicorp/aws\"]",
      "instances": [
        {
          "schema_version": 0,
          "attributes": {
            "arn": "arn:aws:iam::702523354588:role/scheduler-role",
            "assume_role_policy": "{\"Statement\":[{\"Action\":\"sts:AssumeRole\",\"Effect\":\"Allow\",\"Principal\":{\"Service\":\"scheduler.amazonaws.com\"}}],\"Version\":\"2012-10-17\"}",
            "create_date": "2024-10-05T09:36:40Z",
            "description": "",
            "force_detach_policies": false,
            "id": "scheduler-role",
            "inline_policy": [
              {
                "name": "scheduler-policy",
                "policy": "{\"Version\":\"2012-10-17\",\"Statement\":[{\"Action\":[\"lambda:InvokeFunction\"],\"Effect\":\"Allow\",\"Resource\":\"arn:aws:lambda:ap-northeast-1:702523354588:function:snapshot-exporter\"}]}"
              }
            ],
            "managed_policy_arns": [],
            "max_session_duration": 3600,
            "name": "scheduler-role",
            "name_prefix": "",
            "path": "/",
            "permissions_boundary": "",
            "tags": {},
            "tags_all": {},
            "unique_id": "AROA2HENHVXOHXBSQGD6T"
          },
          "sensitive_attributes": [],
          "private": "bnVsbA=="
        }
      ]
    },
    {
      "module": "module.aws",
      "mode": "managed",
      "type": "aws_iam_role",
      "name": "snapshot_s3_export",
      "provider": "module.aws.provider[\"registry.terraform.io/hashicorp/aws\"]",
      "instances": [
        {
          "schema_version": 0,
          "attributes": {
            "arn": "arn:aws:iam::702523354588:role/snapshot-s3-export",
            "assume_role_policy": "{\"Statement\":[{\"Action\":\"sts:AssumeRole\",\"Effect\":\"Allow\",\"Principal\":{\"Service\":\"export.rds.amazonaws.com\"}}],\"Version\":\"2012-10-17\"}",
            "create_date": "2024-10-02T08:01:14Z",
            "description": "",
            "force_detach_policies": false,
            "id": "snapshot-s3-export",
            "inline_policy": [
              {
                "name": "snapshot-s3-export-policy",
                "policy": "{\"Version\":\"2012-10-17\",\"Statement\":[{\"Action\":[\"s3:ListBucket\",\"s3:GetBucketLocation\"],\"Effect\":\"Allow\",\"Resource\":\"arn:aws:s3:::*\"},{\"Action\":[\"s3:PutObject*\",\"s3:GetObject*\",\"s3:DeleteObject*\"],\"Effect\":\"Allow\",\"Resource\":[\"arn:aws:s3:::snapshot-exporter-bucket\",\"arn:aws:s3:::snapshot-exporter-bucket/*\"]}]}"
              }
            ],
            "managed_policy_arns": [],
            "max_session_duration": 3600,
            "name": "snapshot-s3-export",
            "name_prefix": "",
            "path": "/",
            "permissions_boundary": "",
            "tags": {},
            "tags_all": {},
            "unique_id": "AROA2HENHVXOB3AZEVUVV"
          },
          "sensitive_attributes": [],
          "private": "bnVsbA==",
          "create_before_destroy": true
        }
      ]
    },
    {
      "module": "module.aws",
      "mode": "managed",
      "type": "aws_iam_role",
      "name": "ssm_role",
      "provider": "module.aws.provider[\"registry.terraform.io/hashicorp/aws\"]",
      "instances": [
        {
          "schema_version": 0,
          "attributes": {
            "arn": "arn:aws:iam::702523354588:role/ssm-role",
            "assume_role_policy": "{\"Statement\":[{\"Action\":\"sts:AssumeRole\",\"Effect\":\"Allow\",\"Principal\":{\"Service\":\"ec2.amazonaws.com\"}}],\"Version\":\"2012-10-17\"}",
            "create_date": "2024-10-01T07:55:34Z",
            "description": "",
            "force_detach_policies": false,
            "id": "ssm-role",
            "inline_policy": [
              {
                "name": "ssm-policy",
                "policy": "{\"Version\":\"2012-10-17\",\"Statement\":[{\"Action\":[\"ssm:DescribeInstanceInformation\",\"ssm:SendCommand\",\"ssm:ListCommandInvocations\",\"ssm:ListCommands\",\"ssm:ListDocuments\",\"ssm:ListInventoryEntries\",\"ssm:ListTagsForResource\",\"ssm:PutInventory\",\"ssm:UpdateInstanceInformation\",\"ssmmessages:CreateControlChannel\",\"ssmmessages:CreateDataChannel\",\"ssmmessages:OpenControlChannel\",\"ssmmessages:OpenDataChannel\",\"ec2messages:AcknowledgeMessage\",\"ec2messages:DeleteMessage\",\"ec2messages:FailMessage\",\"ec2messages:GetEndpoint\",\"ec2messages:GetMessages\",\"ec2messages:SendReply\"],\"Effect\":\"Allow\",\"Resource\":\"*\"}]}"
              }
            ],
            "managed_policy_arns": [
              "arn:aws:iam::aws:policy/AmazonSSMManagedInstanceCore"
            ],
            "max_session_duration": 3600,
            "name": "ssm-role",
            "name_prefix": "",
            "path": "/",
            "permissions_boundary": "",
            "tags": {},
            "tags_all": {},
            "unique_id": "AROA2HENHVXOAHQ2VBGWB"
          },
          "sensitive_attributes": [],
          "private": "bnVsbA=="
        }
      ]
    },
    {
      "module": "module.aws",
      "mode": "managed",
      "type": "aws_iam_role",
      "name": "task_role",
      "provider": "module.aws.provider[\"registry.terraform.io/hashicorp/aws\"]",
      "instances": [
        {
          "schema_version": 0,
          "attributes": {
            "arn": "arn:aws:iam::702523354588:role/ecsTaskRole",
            "assume_role_policy": "{\"Statement\":[{\"Action\":\"sts:AssumeRole\",\"Effect\":\"Allow\",\"Principal\":{\"Service\":\"ecs-tasks.amazonaws.com\"}}],\"Version\":\"2012-10-17\"}",
            "create_date": "2024-10-03T10:00:23Z",
            "description": "",
            "force_detach_policies": false,
            "id": "ecsTaskRole",
            "inline_policy": [
              {
                "name": "ecsTaskPolicy",
                "policy": "{\"Version\":\"2012-10-17\",\"Statement\":[{\"Action\":[\"s3:*\"],\"Effect\":\"Allow\",\"Resource\":[\"arn:aws:s3:::fluentd-log-renewing-redfish\",\"arn:aws:s3:::fluentd-log-renewing-redfish/*\"]},{\"Action\":[\"ssmmessages:CreateControlChannel\",\"ssmmessages:CreateDataChannel\",\"ssmmessages:OpenControlChannel\",\"ssmmessages:OpenDataChannel\"],\"Effect\":\"Allow\",\"Resource\":[\"*\"]}]}"
              }
            ],
            "managed_policy_arns": [],
            "max_session_duration": 3600,
            "name": "ecsTaskRole",
            "name_prefix": "",
            "path": "/",
            "permissions_boundary": "",
            "tags": {},
            "tags_all": {},
            "unique_id": "AROA2HENHVXOOOOHITRT2"
          },
          "sensitive_attributes": [],
          "private": "bnVsbA=="
        }
      ]
    },
    {
      "module": "module.aws",
      "mode": "managed",
      "type": "aws_iam_role_policy",
      "name": "glue_rds_cralwer",
      "provider": "module.aws.provider[\"registry.terraform.io/hashicorp/aws\"]",
      "instances": [
        {
          "schema_version": 0,
          "attributes": {
            "id": "glue-rds-crawler:glue-rds-crawler-policy",
            "name": "glue-rds-crawler-policy",
            "name_prefix": "",
            "policy": "{\"Version\":\"2012-10-17\",\"Statement\":[{\"Action\":[\"s3:GetObject\"],\"Effect\":\"Allow\",\"Resource\":[\"arn:aws:s3:::snapshot-exporter-bucket\",\"arn:aws:s3:::snapshot-exporter-bucket/*\"]},{\"Action\":[\"kms:Decrypt\"],\"Effect\":\"Allow\",\"Resource\":\"arn:aws:kms:ap-northeast-1:702523354588:key/8940c391-87aa-4c9d-be62-8d11aa27c484\"}]}",
            "role": "glue-rds-crawler"
          },
          "sensitive_attributes": [],
          "private": "bnVsbA==",
          "dependencies": [
            "module.aws.aws_iam_role.glue_rds_cralwer",
            "module.aws.aws_kms_key.main",
            "module.aws.aws_s3_bucket.snapshot_exporter_bucket",
            "module.aws.data.aws_caller_identity.current"
          ]
        }
      ]
    },
    {
      "module": "module.aws",
      "mode": "managed",
      "type": "aws_iam_role_policy",
      "name": "scheduler",
      "provider": "module.aws.provider[\"registry.terraform.io/hashicorp/aws\"]",
      "instances": [
        {
          "schema_version": 0,
          "attributes": {
            "id": "scheduler-role:scheduler-policy",
            "name": "scheduler-policy",
            "name_prefix": "",
            "policy": "{\"Version\":\"2012-10-17\",\"Statement\":[{\"Action\":[\"lambda:InvokeFunction\"],\"Effect\":\"Allow\",\"Resource\":\"arn:aws:lambda:ap-northeast-1:702523354588:function:snapshot-exporter\"}]}",
            "role": "scheduler-role"
          },
          "sensitive_attributes": [],
          "private": "bnVsbA==",
          "dependencies": [
            "module.aws.aws_db_instance.main",
            "module.aws.aws_db_subnet_group.main",
            "module.aws.aws_iam_policy.snapshot_exporter_lambda_policy",
            "module.aws.aws_iam_role.scheduler",
            "module.aws.aws_iam_role.snapshot_s3_export",
            "module.aws.aws_kms_key.main",
            "module.aws.aws_s3_bucket.snapshot_exporter_bucket",
            "module.aws.aws_security_group.bastion_sg",
            "module.aws.aws_security_group.rds",
            "module.aws.data.aws_caller_identity.current",
            "module.aws.module.snapshot-exporter-lambda.aws_cloudwatch_log_group.lambda",
            "module.aws.module.snapshot-exporter-lambda.aws_iam_policy.additional_inline",
            "module.aws.module.snapshot-exporter-lambda.aws_iam_policy.additional_json",
            "module.aws.module.snapshot-exporter-lambda.aws_iam_policy.additional_jsons",
            "module.aws.module.snapshot-exporter-lambda.aws_iam_policy.async",
            "module.aws.module.snapshot-exporter-lambda.aws_iam_policy.dead_letter",
            "module.aws.module.snapshot-exporter-lambda.aws_iam_policy.logs",
            "module.aws.module.snapshot-exporter-lambda.aws_iam_policy.tracing",
            "module.aws.module.snapshot-exporter-lambda.aws_iam_policy.vpc",
            "module.aws.module.snapshot-exporter-lambda.aws_iam_role.lambda",
            "module.aws.module.snapshot-exporter-lambda.aws_iam_role_policy_attachment.additional_inline",
            "module.aws.module.snapshot-exporter-lambda.aws_iam_role_policy_attachment.additional_json",
            "module.aws.module.snapshot-exporter-lambda.aws_iam_role_policy_attachment.additional_jsons",
            "module.aws.module.snapshot-exporter-lambda.aws_iam_role_policy_attachment.additional_many",
            "module.aws.module.snapshot-exporter-lambda.aws_iam_role_policy_attachment.additional_one",
            "module.aws.module.snapshot-exporter-lambda.aws_iam_role_policy_attachment.async",
            "module.aws.module.snapshot-exporter-lambda.aws_iam_role_policy_attachment.dead_letter",
            "module.aws.module.snapshot-exporter-lambda.aws_iam_role_policy_attachment.logs",
            "module.aws.module.snapshot-exporter-lambda.aws_iam_role_policy_attachment.tracing",
            "module.aws.module.snapshot-exporter-lambda.aws_iam_role_policy_attachment.vpc",
            "module.aws.module.snapshot-exporter-lambda.aws_lambda_function.this",
            "module.aws.module.snapshot-exporter-lambda.aws_s3_object.lambda_package",
            "module.aws.module.snapshot-exporter-lambda.data.aws_arn.log_group_arn",
            "module.aws.module.snapshot-exporter-lambda.data.aws_cloudwatch_log_group.lambda",
            "module.aws.module.snapshot-exporter-lambda.data.aws_iam_policy.tracing",
            "module.aws.module.snapshot-exporter-lambda.data.aws_iam_policy.vpc",
            "module.aws.module.snapshot-exporter-lambda.data.aws_iam_policy_document.additional_inline",
            "module.aws.module.snapshot-exporter-lambda.data.aws_iam_policy_document.assume_role",
            "module.aws.module.snapshot-exporter-lambda.data.aws_iam_policy_document.async",
            "module.aws.module.snapshot-exporter-lambda.data.aws_iam_policy_document.dead_letter",
            "module.aws.module.snapshot-exporter-lambda.data.aws_iam_policy_document.logs",
            "module.aws.module.snapshot-exporter-lambda.data.aws_partition.current",
            "module.aws.module.snapshot-exporter-lambda.data.external.archive_prepare",
            "module.aws.module.snapshot-exporter-lambda.local_file.archive_plan",
            "module.aws.module.snapshot-exporter-lambda.null_resource.archive",
            "module.aws.module.vpc.aws_subnet.private",
            "module.aws.module.vpc.aws_vpc.this",
            "module.aws.module.vpc.aws_vpc_ipv4_cidr_block_association.this"
          ]
        }
      ]
    },
    {
      "module": "module.aws",
      "mode": "managed",
      "type": "aws_iam_role_policy",
      "name": "snapshot_s3_export",
      "provider": "module.aws.provider[\"registry.terraform.io/hashicorp/aws\"]",
      "instances": [
        {
          "schema_version": 0,
          "attributes": {
            "id": "snapshot-s3-export:snapshot-s3-export-policy",
            "name": "snapshot-s3-export-policy",
            "name_prefix": "",
            "policy": "{\"Version\":\"2012-10-17\",\"Statement\":[{\"Action\":[\"s3:ListBucket\",\"s3:GetBucketLocation\"],\"Effect\":\"Allow\",\"Resource\":\"arn:aws:s3:::*\"},{\"Action\":[\"s3:PutObject*\",\"s3:GetObject*\",\"s3:DeleteObject*\"],\"Effect\":\"Allow\",\"Resource\":[\"arn:aws:s3:::snapshot-exporter-bucket\",\"arn:aws:s3:::snapshot-exporter-bucket/*\"]}]}",
            "role": "snapshot-s3-export"
          },
          "sensitive_attributes": [],
          "private": "bnVsbA==",
          "dependencies": [
            "module.aws.aws_iam_role.snapshot_s3_export",
            "module.aws.aws_s3_bucket.snapshot_exporter_bucket"
          ]
        }
      ]
    },
    {
      "module": "module.aws",
      "mode": "managed",
      "type": "aws_iam_role_policy",
      "name": "task_s3_policy",
      "provider": "module.aws.provider[\"registry.terraform.io/hashicorp/aws\"]",
      "instances": [
        {
          "schema_version": 0,
          "attributes": {
            "id": "ecsTaskRole:ecsTaskPolicy",
            "name": "ecsTaskPolicy",
            "name_prefix": "",
            "policy": "{\"Version\":\"2012-10-17\",\"Statement\":[{\"Action\":[\"s3:*\"],\"Effect\":\"Allow\",\"Resource\":[\"arn:aws:s3:::fluentd-log-renewing-redfish\",\"arn:aws:s3:::fluentd-log-renewing-redfish/*\"]},{\"Action\":[\"ssmmessages:CreateControlChannel\",\"ssmmessages:CreateDataChannel\",\"ssmmessages:OpenControlChannel\",\"ssmmessages:OpenDataChannel\"],\"Effect\":\"Allow\",\"Resource\":[\"*\"]}]}",
            "role": "ecsTaskRole"
          },
          "sensitive_attributes": [],
          "private": "bnVsbA==",
          "dependencies": [
            "module.aws.aws_iam_role.task_role",
            "module.aws.aws_s3_bucket.fluentd_bucket",
            "module.aws.random_pet.bucket_name"
          ]
        }
      ]
    },
    {
      "module": "module.aws",
      "mode": "managed",
      "type": "aws_instance",
      "name": "bastion",
      "provider": "module.aws.provider[\"registry.terraform.io/hashicorp/aws\"]",
      "instances": [
        {
          "schema_version": 1,
          "attributes": {
            "ami": "ami-0ef29ab52ff72213b",
            "arn": "arn:aws:ec2:ap-northeast-1:702523354588:instance/i-0db5b0ca03555ded7",
            "associate_public_ip_address": true,
            "availability_zone": "ap-northeast-1a",
            "capacity_reservation_specification": [
              {
                "capacity_reservation_preference": "open",
                "capacity_reservation_target": []
              }
            ],
            "cpu_core_count": 1,
            "cpu_options": [
              {
                "amd_sev_snp": "",
                "core_count": 1,
                "threads_per_core": 1
              }
            ],
            "cpu_threads_per_core": 1,
            "credit_specification": [
              {
                "cpu_credits": "standard"
              }
            ],
            "disable_api_stop": false,
            "disable_api_termination": false,
            "ebs_block_device": [],
            "ebs_optimized": false,
            "enclave_options": [
              {
                "enabled": false
              }
            ],
            "ephemeral_block_device": [],
            "get_password_data": false,
            "hibernation": false,
            "host_id": "",
            "host_resource_group_arn": null,
            "iam_instance_profile": "ssm-instance-profile",
            "id": "i-0db5b0ca03555ded7",
            "instance_initiated_shutdown_behavior": "stop",
            "instance_lifecycle": "",
            "instance_market_options": [],
            "instance_state": "running",
            "instance_type": "t2.micro",
            "ipv6_address_count": 0,
            "ipv6_addresses": [],
            "key_name": "",
            "launch_template": [],
            "maintenance_options": [
              {
                "auto_recovery": "default"
              }
            ],
            "metadata_options": [
              {
                "http_endpoint": "enabled",
                "http_protocol_ipv6": "disabled",
                "http_put_response_hop_limit": 2,
                "http_tokens": "required",
                "instance_metadata_tags": "disabled"
              }
            ],
            "monitoring": false,
            "network_interface": [],
            "outpost_arn": "",
            "password_data": "",
            "placement_group": "",
            "placement_partition_number": 0,
            "primary_network_interface_id": "eni-0802a98e47bbc311c",
            "private_dns": "ip-12-0-1-68.ap-northeast-1.compute.internal",
            "private_dns_name_options": [
              {
                "enable_resource_name_dns_a_record": false,
                "enable_resource_name_dns_aaaa_record": false,
                "hostname_type": "ip-name"
              }
            ],
            "private_ip": "12.0.1.68",
            "public_dns": "ec2-54-238-181-106.ap-northeast-1.compute.amazonaws.com",
            "public_ip": "54.238.181.106",
            "root_block_device": [
              {
                "delete_on_termination": true,
                "device_name": "/dev/xvda",
                "encrypted": false,
                "iops": 3000,
                "kms_key_id": "",
                "tags": {},
                "tags_all": {},
                "throughput": 125,
                "volume_id": "vol-0777528f2d62c9ebe",
                "volume_size": 8,
                "volume_type": "gp3"
              }
            ],
            "secondary_private_ips": [],
            "security_groups": [],
            "source_dest_check": true,
            "spot_instance_request_id": "",
            "subnet_id": "subnet-06996c51a86093bef",
            "tags": {},
            "tags_all": {},
            "tenancy": "default",
            "timeouts": null,
            "user_data": null,
            "user_data_base64": null,
            "user_data_replace_on_change": false,
            "volume_tags": null,
            "vpc_security_group_ids": [
              "sg-0b02031d4afb43bd2"
            ]
          },
          "sensitive_attributes": [
            [
              {
                "type": "get_attr",
                "value": "ami"
              }
            ]
          ],
          "private": "eyJlMmJmYjczMC1lY2FhLTExZTYtOGY4OC0zNDM2M2JjN2M0YzAiOnsiY3JlYXRlIjo2MDAwMDAwMDAwMDAsImRlbGV0ZSI6MTIwMDAwMDAwMDAwMCwicmVhZCI6OTAwMDAwMDAwMDAwLCJ1cGRhdGUiOjYwMDAwMDAwMDAwMH0sInNjaGVtYV92ZXJzaW9uIjoiMSJ9",
          "dependencies": [
            "module.aws.aws_iam_instance_profile.ssm_instance_profile",
            "module.aws.aws_iam_role.ssm_role",
            "module.aws.aws_security_group.bastion_sg",
            "module.aws.data.aws_ssm_parameter.amazonlinux_2023",
            "module.aws.module.vpc.aws_subnet.private",
            "module.aws.module.vpc.aws_subnet.public",
            "module.aws.module.vpc.aws_vpc.this",
            "module.aws.module.vpc.aws_vpc_ipv4_cidr_block_association.this"
          ]
        }
      ]
    },
    {
      "module": "module.aws",
      "mode": "managed",
      "type": "aws_kms_key",
      "name": "main",
      "provider": "module.aws.provider[\"registry.terraform.io/hashicorp/aws\"]",
      "instances": [
        {
          "schema_version": 0,
          "attributes": {
            "arn": "arn:aws:kms:ap-northeast-1:702523354588:key/8940c391-87aa-4c9d-be62-8d11aa27c484",
            "bypass_policy_lockout_safety_check": false,
            "custom_key_store_id": "",
            "customer_master_key_spec": "SYMMETRIC_DEFAULT",
            "deletion_window_in_days": 30,
            "description": "",
            "enable_key_rotation": true,
            "id": "8940c391-87aa-4c9d-be62-8d11aa27c484",
            "is_enabled": true,
            "key_id": "8940c391-87aa-4c9d-be62-8d11aa27c484",
            "key_usage": "ENCRYPT_DECRYPT",
            "multi_region": false,
            "policy": "{\"Statement\":[{\"Action\":\"kms:*\",\"Effect\":\"Allow\",\"Principal\":{\"AWS\":\"arn:aws:iam::702523354588:root\"},\"Resource\":\"*\",\"Sid\":\"Enable IAM User Permissions\"}],\"Version\":\"2012-10-17\"}",
            "rotation_period_in_days": 365,
            "tags": {},
            "tags_all": {},
            "timeouts": null,
            "xks_key_id": ""
          },
          "sensitive_attributes": [],
          "private": "eyJlMmJmYjczMC1lY2FhLTExZTYtOGY4OC0zNDM2M2JjN2M0YzAiOnsiY3JlYXRlIjoxMjAwMDAwMDAwMDB9fQ==",
          "dependencies": [
            "module.aws.data.aws_caller_identity.current"
          ],
          "create_before_destroy": true
        }
      ]
    },
    {
      "module": "module.aws",
      "mode": "managed",
      "type": "aws_lb",
      "name": "main",
      "provider": "module.aws.provider[\"registry.terraform.io/hashicorp/aws\"]",
      "instances": [
        {
          "schema_version": 0,
          "attributes": {
            "access_logs": [
              {
                "bucket": "",
                "enabled": false,
                "prefix": ""
              }
            ],
            "arn": "arn:aws:elasticloadbalancing:ap-northeast-1:702523354588:loadbalancer/app/server/b940417f4deec5be",
            "arn_suffix": "app/server/b940417f4deec5be",
            "client_keep_alive": 3600,
            "connection_logs": [
              {
                "bucket": "",
                "enabled": false,
                "prefix": ""
              }
            ],
            "customer_owned_ipv4_pool": "",
            "desync_mitigation_mode": "defensive",
            "dns_name": "server-1921423755.ap-northeast-1.elb.amazonaws.com",
            "dns_record_client_routing_policy": null,
            "drop_invalid_header_fields": false,
            "enable_cross_zone_load_balancing": true,
            "enable_deletion_protection": false,
            "enable_http2": true,
            "enable_tls_version_and_cipher_suite_headers": false,
            "enable_waf_fail_open": false,
            "enable_xff_client_port": false,
            "enforce_security_group_inbound_rules_on_private_link_traffic": "",
            "id": "arn:aws:elasticloadbalancing:ap-northeast-1:702523354588:loadbalancer/app/server/b940417f4deec5be",
            "idle_timeout": 60,
            "internal": false,
            "ip_address_type": "ipv4",
            "load_balancer_type": "application",
            "name": "server",
            "name_prefix": "",
            "preserve_host_header": false,
            "security_groups": [
              "sg-0fdd21b76c496ec16"
            ],
            "subnet_mapping": [
              {
                "allocation_id": "",
                "ipv6_address": "",
                "outpost_id": "",
                "private_ipv4_address": "",
                "subnet_id": "subnet-06996c51a86093bef"
              },
              {
                "allocation_id": "",
                "ipv6_address": "",
                "outpost_id": "",
                "private_ipv4_address": "",
                "subnet_id": "subnet-0fc8ec293981272ee"
              }
            ],
            "subnets": [
              "subnet-06996c51a86093bef",
              "subnet-0fc8ec293981272ee"
            ],
            "tags": {},
            "tags_all": {},
            "timeouts": null,
            "vpc_id": "vpc-012ae31893226c39b",
            "xff_header_processing_mode": "append",
            "zone_id": "Z14GRHDCWA56QT"
          },
          "sensitive_attributes": [],
          "private": "eyJlMmJmYjczMC1lY2FhLTExZTYtOGY4OC0zNDM2M2JjN2M0YzAiOnsiY3JlYXRlIjo2MDAwMDAwMDAwMDAsImRlbGV0ZSI6NjAwMDAwMDAwMDAwLCJ1cGRhdGUiOjYwMDAwMDAwMDAwMH19",
          "dependencies": [
            "module.aws.aws_security_group.alb_sg",
            "module.aws.module.vpc.aws_subnet.public",
            "module.aws.module.vpc.aws_vpc.this",
            "module.aws.module.vpc.aws_vpc_ipv4_cidr_block_association.this"
          ]
        }
      ]
    },
    {
      "module": "module.aws",
      "mode": "managed",
      "type": "aws_lb_listener",
      "name": "http",
      "provider": "module.aws.provider[\"registry.terraform.io/hashicorp/aws\"]",
      "instances": [
        {
          "schema_version": 0,
          "attributes": {
            "alpn_policy": null,
            "arn": "arn:aws:elasticloadbalancing:ap-northeast-1:702523354588:listener/app/server/b940417f4deec5be/ecd607c76232478d",
            "certificate_arn": null,
            "default_action": [
              {
                "authenticate_cognito": [],
                "authenticate_oidc": [],
                "fixed_response": [],
                "forward": [],
                "order": 1,
                "redirect": [
                  {
                    "host": "#{host}",
                    "path": "/#{path}",
                    "port": "443",
                    "protocol": "HTTPS",
                    "query": "#{query}",
                    "status_code": "HTTP_301"
                  }
                ],
                "target_group_arn": "",
                "type": "redirect"
              }
            ],
            "id": "arn:aws:elasticloadbalancing:ap-northeast-1:702523354588:listener/app/server/b940417f4deec5be/ecd607c76232478d",
            "load_balancer_arn": "arn:aws:elasticloadbalancing:ap-northeast-1:702523354588:loadbalancer/app/server/b940417f4deec5be",
            "mutual_authentication": [],
            "port": 80,
            "protocol": "HTTP",
            "ssl_policy": "",
            "tags": {},
            "tags_all": {},
            "timeouts": null
          },
          "sensitive_attributes": [],
          "private": "eyJlMmJmYjczMC1lY2FhLTExZTYtOGY4OC0zNDM2M2JjN2M0YzAiOnsiY3JlYXRlIjozMDAwMDAwMDAwMDAsInVwZGF0ZSI6MzAwMDAwMDAwMDAwfX0=",
          "dependencies": [
            "module.aws.aws_lb.main",
            "module.aws.aws_security_group.alb_sg",
            "module.aws.module.vpc.aws_subnet.public",
            "module.aws.module.vpc.aws_vpc.this",
            "module.aws.module.vpc.aws_vpc_ipv4_cidr_block_association.this"
          ]
        }
      ]
    },
    {
      "module": "module.aws",
      "mode": "managed",
      "type": "aws_lb_listener",
      "name": "https",
      "provider": "module.aws.provider[\"registry.terraform.io/hashicorp/aws\"]",
      "instances": [
        {
          "schema_version": 0,
          "attributes": {
            "alpn_policy": null,
            "arn": "arn:aws:elasticloadbalancing:ap-northeast-1:702523354588:listener/app/server/b940417f4deec5be/435f18f996dbddba",
            "certificate_arn": "arn:aws:acm:ap-northeast-1:702523354588:certificate/2c3f4aa6-45ed-4447-b69d-0ea41b6bea23",
            "default_action": [
              {
                "authenticate_cognito": [],
                "authenticate_oidc": [],
                "fixed_response": [],
                "forward": [],
                "order": 1,
                "redirect": [],
                "target_group_arn": "arn:aws:elasticloadbalancing:ap-northeast-1:702523354588:targetgroup/server/c90e14e2ce4ca2ec",
                "type": "forward"
              }
            ],
            "id": "arn:aws:elasticloadbalancing:ap-northeast-1:702523354588:listener/app/server/b940417f4deec5be/435f18f996dbddba",
            "load_balancer_arn": "arn:aws:elasticloadbalancing:ap-northeast-1:702523354588:loadbalancer/app/server/b940417f4deec5be",
            "mutual_authentication": [
              {
                "ignore_client_certificate_expiry": false,
                "mode": "off",
                "trust_store_arn": ""
              }
            ],
            "port": 443,
            "protocol": "HTTPS",
            "ssl_policy": "ELBSecurityPolicy-2016-08",
            "tags": {},
            "tags_all": {},
            "timeouts": null
          },
          "sensitive_attributes": [],
          "private": "eyJlMmJmYjczMC1lY2FhLTExZTYtOGY4OC0zNDM2M2JjN2M0YzAiOnsiY3JlYXRlIjozMDAwMDAwMDAwMDAsInVwZGF0ZSI6MzAwMDAwMDAwMDAwfX0=",
          "dependencies": [
            "module.aws.aws_acm_certificate.main",
            "module.aws.aws_lb.main",
            "module.aws.aws_lb_target_group.main",
            "module.aws.aws_route53_zone.main",
            "module.aws.aws_security_group.alb_sg",
            "module.aws.module.vpc.aws_subnet.public",
            "module.aws.module.vpc.aws_vpc.this",
            "module.aws.module.vpc.aws_vpc_ipv4_cidr_block_association.this"
          ]
        }
      ]
    },
    {
      "module": "module.aws",
      "mode": "managed",
      "type": "aws_lb_target_group",
      "name": "main",
      "provider": "module.aws.provider[\"registry.terraform.io/hashicorp/aws\"]",
      "instances": [
        {
          "schema_version": 0,
          "attributes": {
            "arn": "arn:aws:elasticloadbalancing:ap-northeast-1:702523354588:targetgroup/server/c90e14e2ce4ca2ec",
            "arn_suffix": "targetgroup/server/c90e14e2ce4ca2ec",
            "connection_termination": null,
            "deregistration_delay": "300",
            "health_check": [
              {
                "enabled": true,
                "healthy_threshold": 2,
                "interval": 30,
                "matcher": "200",
                "path": "/health",
                "port": "traffic-port",
                "protocol": "HTTP",
                "timeout": 5,
                "unhealthy_threshold": 2
              }
            ],
            "id": "arn:aws:elasticloadbalancing:ap-northeast-1:702523354588:targetgroup/server/c90e14e2ce4ca2ec",
            "ip_address_type": "ipv4",
            "lambda_multi_value_headers_enabled": false,
            "load_balancer_arns": [
              "arn:aws:elasticloadbalancing:ap-northeast-1:702523354588:loadbalancer/app/server/b940417f4deec5be"
            ],
            "load_balancing_algorithm_type": "round_robin",
            "load_balancing_anomaly_mitigation": "off",
            "load_balancing_cross_zone_enabled": "use_load_balancer_configuration",
            "name": "server",
            "name_prefix": "",
            "port": 80,
            "preserve_client_ip": null,
            "protocol": "HTTP",
            "protocol_version": "HTTP1",
            "proxy_protocol_v2": false,
            "slow_start": 0,
            "stickiness": [
              {
                "cookie_duration": 86400,
                "cookie_name": "",
                "enabled": false,
                "type": "lb_cookie"
              }
            ],
            "tags": {},
            "tags_all": {},
            "target_failover": [
              {
                "on_deregistration": null,
                "on_unhealthy": null
              }
            ],
            "target_group_health": [
              {
                "dns_failover": [
                  {
                    "minimum_healthy_targets_count": "1",
                    "minimum_healthy_targets_percentage": "off"
                  }
                ],
                "unhealthy_state_routing": [
                  {
                    "minimum_healthy_targets_count": 1,
                    "minimum_healthy_targets_percentage": "off"
                  }
                ]
              }
            ],
            "target_health_state": [
              {
                "enable_unhealthy_connection_termination": null,
                "unhealthy_draining_interval": null
              }
            ],
            "target_type": "ip",
            "vpc_id": "vpc-012ae31893226c39b"
          },
          "sensitive_attributes": [],
          "private": "bnVsbA==",
          "dependencies": [
            "module.aws.module.vpc.aws_vpc.this"
          ]
        }
      ]
    },
    {
      "module": "module.aws",
      "mode": "managed",
      "type": "aws_route53_record",
      "name": "cert_validation",
      "provider": "module.aws.provider[\"registry.terraform.io/hashicorp/aws\"]",
      "instances": [
        {
          "index_key": "appsub.kat-sample-domain.link",
          "schema_version": 2,
          "attributes": {
            "alias": [],
            "allow_overwrite": null,
            "cidr_routing_policy": [],
            "failover_routing_policy": [],
            "fqdn": "_4f23f18553609c18e0c04d7482782296.appsub.kat-sample-domain.link",
            "geolocation_routing_policy": [],
            "geoproximity_routing_policy": [],
            "health_check_id": "",
            "id": "Z03421452PZLUSL8H2FGI__4f23f18553609c18e0c04d7482782296.appsub.kat-sample-domain.link._CNAME",
            "latency_routing_policy": [],
            "multivalue_answer_routing_policy": false,
            "name": "_4f23f18553609c18e0c04d7482782296.appsub.kat-sample-domain.link",
            "records": [
              "_726eee8fe12b4670fcc2b0682ab8bb56.djqtsrsxkq.acm-validations.aws."
            ],
            "set_identifier": "",
            "ttl": 60,
            "type": "CNAME",
            "weighted_routing_policy": [],
            "zone_id": "Z03421452PZLUSL8H2FGI"
          },
          "sensitive_attributes": [],
          "private": "eyJzY2hlbWFfdmVyc2lvbiI6IjIifQ==",
          "dependencies": [
            "module.aws.aws_acm_certificate.main",
            "module.aws.aws_route53_zone.main"
          ]
        }
      ]
    },
    {
      "module": "module.aws",
      "mode": "managed",
      "type": "aws_route53_record",
      "name": "main",
      "provider": "module.aws.provider[\"registry.terraform.io/hashicorp/aws\"]",
      "instances": [
        {
          "schema_version": 2,
          "attributes": {
            "alias": [
              {
                "evaluate_target_health": true,
                "name": "server-1921423755.ap-northeast-1.elb.amazonaws.com",
                "zone_id": "Z14GRHDCWA56QT"
              }
            ],
            "allow_overwrite": null,
            "cidr_routing_policy": [],
            "failover_routing_policy": [],
            "fqdn": "appsub.kat-sample-domain.link",
            "geolocation_routing_policy": [],
            "geoproximity_routing_policy": [],
            "health_check_id": "",
            "id": "Z03421452PZLUSL8H2FGI_appsub.kat-sample-domain.link_A",
            "latency_routing_policy": [],
            "multivalue_answer_routing_policy": false,
            "name": "appsub.kat-sample-domain.link",
            "records": [],
            "set_identifier": "",
            "ttl": 0,
            "type": "A",
            "weighted_routing_policy": [],
            "zone_id": "Z03421452PZLUSL8H2FGI"
          },
          "sensitive_attributes": [],
          "private": "eyJzY2hlbWFfdmVyc2lvbiI6IjIifQ==",
          "dependencies": [
            "module.aws.aws_lb.main",
            "module.aws.aws_route53_zone.main",
            "module.aws.aws_security_group.alb_sg",
            "module.aws.module.vpc.aws_subnet.public",
            "module.aws.module.vpc.aws_vpc.this",
            "module.aws.module.vpc.aws_vpc_ipv4_cidr_block_association.this"
          ]
        }
      ]
    },
    {
      "module": "module.aws",
      "mode": "managed",
      "type": "aws_route53_record",
      "name": "parent_ns",
      "provider": "module.aws.provider[\"registry.terraform.io/hashicorp/aws\"]",
      "instances": [
        {
          "schema_version": 2,
          "attributes": {
            "alias": [],
            "allow_overwrite": null,
            "cidr_routing_policy": [],
            "failover_routing_policy": [],
            "fqdn": "appsub.kat-sample-domain.link",
            "geolocation_routing_policy": [],
            "geoproximity_routing_policy": [],
            "health_check_id": "",
            "id": "Z09664493019DFNPYWNXX_appsub.kat-sample-domain.link_NS",
            "latency_routing_policy": [],
            "multivalue_answer_routing_policy": false,
            "name": "appsub.kat-sample-domain.link",
            "records": [
              "ns-1066.awsdns-05.org",
              "ns-1929.awsdns-49.co.uk",
              "ns-80.awsdns-10.com",
              "ns-828.awsdns-39.net"
            ],
            "set_identifier": "",
            "ttl": 300,
            "type": "NS",
            "weighted_routing_policy": [],
            "zone_id": "Z09664493019DFNPYWNXX"
          },
          "sensitive_attributes": [],
          "private": "eyJzY2hlbWFfdmVyc2lvbiI6IjIifQ==",
          "dependencies": [
            "module.aws.aws_route53_zone.main",
            "module.aws.data.aws_route53_zone.parent"
          ]
        }
      ]
    },
    {
      "module": "module.aws",
      "mode": "managed",
      "type": "aws_route53_zone",
      "name": "main",
      "provider": "module.aws.provider[\"registry.terraform.io/hashicorp/aws\"]",
      "instances": [
        {
          "schema_version": 0,
          "attributes": {
            "arn": "arn:aws:route53:::hostedzone/Z03421452PZLUSL8H2FGI",
            "comment": "Managed by Terraform",
            "delegation_set_id": "",
            "force_destroy": false,
            "id": "Z03421452PZLUSL8H2FGI",
            "name": "appsub.kat-sample-domain.link",
            "name_servers": [
              "ns-1066.awsdns-05.org",
              "ns-1929.awsdns-49.co.uk",
              "ns-80.awsdns-10.com",
              "ns-828.awsdns-39.net"
            ],
            "primary_name_server": "ns-1066.awsdns-05.org",
            "tags": {},
            "tags_all": {},
            "vpc": [],
            "zone_id": "Z03421452PZLUSL8H2FGI"
          },
          "sensitive_attributes": [],
          "private": "bnVsbA=="
        }
      ]
    },
    {
      "module": "module.aws",
      "mode": "managed",
      "type": "aws_s3_bucket",
      "name": "athena_output_bucket",
      "provider": "module.aws.provider[\"registry.terraform.io/hashicorp/aws\"]",
      "instances": [
        {
          "schema_version": 0,
          "attributes": {
            "acceleration_status": "",
            "acl": null,
            "arn": "arn:aws:s3:::athena-output-bucket-true-griffon",
            "bucket": "athena-output-bucket-true-griffon",
            "bucket_domain_name": "athena-output-bucket-true-griffon.s3.amazonaws.com",
            "bucket_prefix": "",
            "bucket_regional_domain_name": "athena-output-bucket-true-griffon.s3.ap-northeast-1.amazonaws.com",
            "cors_rule": [],
            "force_destroy": false,
            "grant": [
              {
                "id": "accbc4083acce24c6cf6a732e82ff76860f2b0bf94fdf8d14d0757bc41c46013",
                "permissions": [
                  "FULL_CONTROL"
                ],
                "type": "CanonicalUser",
                "uri": ""
              }
            ],
            "hosted_zone_id": "Z2M4EHUR26P7ZW",
            "id": "athena-output-bucket-true-griffon",
            "lifecycle_rule": [],
            "logging": [],
            "object_lock_configuration": [],
            "object_lock_enabled": false,
            "policy": "",
            "region": "ap-northeast-1",
            "replication_configuration": [],
            "request_payer": "BucketOwner",
            "server_side_encryption_configuration": [
              {
                "rule": [
                  {
                    "apply_server_side_encryption_by_default": [
                      {
                        "kms_master_key_id": "",
                        "sse_algorithm": "AES256"
                      }
                    ],
                    "bucket_key_enabled": false
                  }
                ]
              }
            ],
            "tags": {},
            "tags_all": {},
            "timeouts": null,
            "versioning": [
              {
                "enabled": false,
                "mfa_delete": false
              }
            ],
            "website": [],
            "website_domain": null,
            "website_endpoint": null
          },
          "sensitive_attributes": [],
          "private": "eyJlMmJmYjczMC1lY2FhLTExZTYtOGY4OC0zNDM2M2JjN2M0YzAiOnsiY3JlYXRlIjoxMjAwMDAwMDAwMDAwLCJkZWxldGUiOjM2MDAwMDAwMDAwMDAsInJlYWQiOjEyMDAwMDAwMDAwMDAsInVwZGF0ZSI6MTIwMDAwMDAwMDAwMH19",
          "dependencies": [
            "module.aws.random_pet.athena_workgroup_namebucket_name"
          ]
        }
      ]
    },
    {
      "module": "module.aws",
      "mode": "managed",
      "type": "aws_s3_bucket",
      "name": "fluentd_bucket",
      "provider": "module.aws.provider[\"registry.terraform.io/hashicorp/aws\"]",
      "instances": [
        {
          "schema_version": 0,
          "attributes": {
            "acceleration_status": "",
            "acl": null,
            "arn": "arn:aws:s3:::fluentd-log-renewing-redfish",
            "bucket": "fluentd-log-renewing-redfish",
            "bucket_domain_name": "fluentd-log-renewing-redfish.s3.amazonaws.com",
            "bucket_prefix": "",
            "bucket_regional_domain_name": "fluentd-log-renewing-redfish.s3.ap-northeast-1.amazonaws.com",
            "cors_rule": [],
            "force_destroy": false,
            "grant": [
              {
                "id": "accbc4083acce24c6cf6a732e82ff76860f2b0bf94fdf8d14d0757bc41c46013",
                "permissions": [
                  "FULL_CONTROL"
                ],
                "type": "CanonicalUser",
                "uri": ""
              }
            ],
            "hosted_zone_id": "Z2M4EHUR26P7ZW",
            "id": "fluentd-log-renewing-redfish",
            "lifecycle_rule": [],
            "logging": [],
            "object_lock_configuration": [],
            "object_lock_enabled": false,
            "policy": "",
            "region": "ap-northeast-1",
            "replication_configuration": [],
            "request_payer": "BucketOwner",
            "server_side_encryption_configuration": [
              {
                "rule": [
                  {
                    "apply_server_side_encryption_by_default": [
                      {
                        "kms_master_key_id": "",
                        "sse_algorithm": "AES256"
                      }
                    ],
                    "bucket_key_enabled": false
                  }
                ]
              }
            ],
            "tags": {},
            "tags_all": {},
            "timeouts": null,
            "versioning": [
              {
                "enabled": false,
                "mfa_delete": false
              }
            ],
            "website": [],
            "website_domain": null,
            "website_endpoint": null
          },
          "sensitive_attributes": [],
          "private": "eyJlMmJmYjczMC1lY2FhLTExZTYtOGY4OC0zNDM2M2JjN2M0YzAiOnsiY3JlYXRlIjoxMjAwMDAwMDAwMDAwLCJkZWxldGUiOjM2MDAwMDAwMDAwMDAsInJlYWQiOjEyMDAwMDAwMDAwMDAsInVwZGF0ZSI6MTIwMDAwMDAwMDAwMH19",
          "dependencies": [
            "module.aws.random_pet.bucket_name"
          ]
        }
      ]
    },
    {
      "module": "module.aws",
      "mode": "managed",
      "type": "aws_s3_bucket",
      "name": "snapshot_exporter_bucket",
      "provider": "module.aws.provider[\"registry.terraform.io/hashicorp/aws\"]",
      "instances": [
        {
          "schema_version": 0,
          "attributes": {
            "acceleration_status": "",
            "acl": null,
            "arn": "arn:aws:s3:::snapshot-exporter-bucket",
            "bucket": "snapshot-exporter-bucket",
            "bucket_domain_name": "snapshot-exporter-bucket.s3.amazonaws.com",
            "bucket_prefix": "",
            "bucket_regional_domain_name": "snapshot-exporter-bucket.s3.ap-northeast-1.amazonaws.com",
            "cors_rule": [],
            "force_destroy": false,
            "grant": [
              {
                "id": "accbc4083acce24c6cf6a732e82ff76860f2b0bf94fdf8d14d0757bc41c46013",
                "permissions": [
                  "FULL_CONTROL"
                ],
                "type": "CanonicalUser",
                "uri": ""
              }
            ],
            "hosted_zone_id": "Z2M4EHUR26P7ZW",
            "id": "snapshot-exporter-bucket",
            "lifecycle_rule": [],
            "logging": [],
            "object_lock_configuration": [],
            "object_lock_enabled": false,
            "policy": "",
            "region": "ap-northeast-1",
            "replication_configuration": [],
            "request_payer": "BucketOwner",
            "server_side_encryption_configuration": [
              {
                "rule": [
                  {
                    "apply_server_side_encryption_by_default": [
                      {
                        "kms_master_key_id": "",
                        "sse_algorithm": "AES256"
                      }
                    ],
                    "bucket_key_enabled": false
                  }
                ]
              }
            ],
            "tags": {},
            "tags_all": {},
            "timeouts": null,
            "versioning": [
              {
                "enabled": false,
                "mfa_delete": false
              }
            ],
            "website": [],
            "website_domain": null,
            "website_endpoint": null
          },
          "sensitive_attributes": [],
          "private": "eyJlMmJmYjczMC1lY2FhLTExZTYtOGY4OC0zNDM2M2JjN2M0YzAiOnsiY3JlYXRlIjoxMjAwMDAwMDAwMDAwLCJkZWxldGUiOjM2MDAwMDAwMDAwMDAsInJlYWQiOjEyMDAwMDAwMDAwMDAsInVwZGF0ZSI6MTIwMDAwMDAwMDAwMH19",
          "create_before_destroy": true
        }
      ]
    },
    {
      "module": "module.aws",
      "mode": "managed",
      "type": "aws_scheduler_schedule",
      "name": "main",
      "provider": "module.aws.provider[\"registry.terraform.io/hashicorp/aws\"]",
      "instances": [
        {
          "schema_version": 0,
          "attributes": {
            "arn": "arn:aws:scheduler:ap-northeast-1:702523354588:schedule/default/run-snapshot-exporter",
            "description": "",
            "end_date": "",
            "flexible_time_window": [
              {
                "maximum_window_in_minutes": 1,
                "mode": "FLEXIBLE"
              }
            ],
            "group_name": "default",
            "id": "default/run-snapshot-exporter",
            "kms_key_arn": "",
            "name": "run-snapshot-exporter",
            "name_prefix": "",
            "schedule_expression": "rate(1 hours)",
            "schedule_expression_timezone": "Asia/Tokyo",
            "start_date": "",
            "state": "ENABLED",
            "target": [
              {
                "arn": "arn:aws:lambda:ap-northeast-1:702523354588:function:snapshot-exporter",
                "dead_letter_config": [],
                "ecs_parameters": [],
                "eventbridge_parameters": [],
                "input": "",
                "kinesis_parameters": [],
                "retry_policy": [
                  {
                    "maximum_event_age_in_seconds": 86400,
                    "maximum_retry_attempts": 185
                  }
                ],
                "role_arn": "arn:aws:iam::702523354588:role/scheduler-role",
                "sagemaker_pipeline_parameters": [],
                "sqs_parameters": []
              }
            ]
          },
          "sensitive_attributes": [],
          "private": "bnVsbA==",
          "dependencies": [
            "module.aws.aws_db_instance.main",
            "module.aws.aws_db_subnet_group.main",
            "module.aws.aws_iam_policy.snapshot_exporter_lambda_policy",
            "module.aws.aws_iam_role.scheduler",
            "module.aws.aws_iam_role.snapshot_s3_export",
            "module.aws.aws_kms_key.main",
            "module.aws.aws_s3_bucket.snapshot_exporter_bucket",
            "module.aws.aws_security_group.bastion_sg",
            "module.aws.aws_security_group.rds",
            "module.aws.data.aws_caller_identity.current",
            "module.aws.module.snapshot-exporter-lambda.aws_cloudwatch_log_group.lambda",
            "module.aws.module.snapshot-exporter-lambda.aws_iam_policy.additional_inline",
            "module.aws.module.snapshot-exporter-lambda.aws_iam_policy.additional_json",
            "module.aws.module.snapshot-exporter-lambda.aws_iam_policy.additional_jsons",
            "module.aws.module.snapshot-exporter-lambda.aws_iam_policy.async",
            "module.aws.module.snapshot-exporter-lambda.aws_iam_policy.dead_letter",
            "module.aws.module.snapshot-exporter-lambda.aws_iam_policy.logs",
            "module.aws.module.snapshot-exporter-lambda.aws_iam_policy.tracing",
            "module.aws.module.snapshot-exporter-lambda.aws_iam_policy.vpc",
            "module.aws.module.snapshot-exporter-lambda.aws_iam_role.lambda",
            "module.aws.module.snapshot-exporter-lambda.aws_iam_role_policy_attachment.additional_inline",
            "module.aws.module.snapshot-exporter-lambda.aws_iam_role_policy_attachment.additional_json",
            "module.aws.module.snapshot-exporter-lambda.aws_iam_role_policy_attachment.additional_jsons",
            "module.aws.module.snapshot-exporter-lambda.aws_iam_role_policy_attachment.additional_many",
            "module.aws.module.snapshot-exporter-lambda.aws_iam_role_policy_attachment.additional_one",
            "module.aws.module.snapshot-exporter-lambda.aws_iam_role_policy_attachment.async",
            "module.aws.module.snapshot-exporter-lambda.aws_iam_role_policy_attachment.dead_letter",
            "module.aws.module.snapshot-exporter-lambda.aws_iam_role_policy_attachment.logs",
            "module.aws.module.snapshot-exporter-lambda.aws_iam_role_policy_attachment.tracing",
            "module.aws.module.snapshot-exporter-lambda.aws_iam_role_policy_attachment.vpc",
            "module.aws.module.snapshot-exporter-lambda.aws_lambda_function.this",
            "module.aws.module.snapshot-exporter-lambda.aws_s3_object.lambda_package",
            "module.aws.module.snapshot-exporter-lambda.data.aws_arn.log_group_arn",
            "module.aws.module.snapshot-exporter-lambda.data.aws_cloudwatch_log_group.lambda",
            "module.aws.module.snapshot-exporter-lambda.data.aws_iam_policy.tracing",
            "module.aws.module.snapshot-exporter-lambda.data.aws_iam_policy.vpc",
            "module.aws.module.snapshot-exporter-lambda.data.aws_iam_policy_document.additional_inline",
            "module.aws.module.snapshot-exporter-lambda.data.aws_iam_policy_document.assume_role",
            "module.aws.module.snapshot-exporter-lambda.data.aws_iam_policy_document.async",
            "module.aws.module.snapshot-exporter-lambda.data.aws_iam_policy_document.dead_letter",
            "module.aws.module.snapshot-exporter-lambda.data.aws_iam_policy_document.logs",
            "module.aws.module.snapshot-exporter-lambda.data.aws_partition.current",
            "module.aws.module.snapshot-exporter-lambda.data.external.archive_prepare",
            "module.aws.module.snapshot-exporter-lambda.local_file.archive_plan",
            "module.aws.module.snapshot-exporter-lambda.null_resource.archive",
            "module.aws.module.vpc.aws_subnet.private",
            "module.aws.module.vpc.aws_vpc.this",
            "module.aws.module.vpc.aws_vpc_ipv4_cidr_block_association.this"
          ]
        }
      ]
    },
    {
      "module": "module.aws",
      "mode": "managed",
      "type": "aws_security_group",
      "name": "alb_sg",
      "provider": "module.aws.provider[\"registry.terraform.io/hashicorp/aws\"]",
      "instances": [
        {
          "schema_version": 1,
          "attributes": {
            "arn": "arn:aws:ec2:ap-northeast-1:702523354588:security-group/sg-0fdd21b76c496ec16",
            "description": "Managed by Terraform",
            "egress": [
              {
                "cidr_blocks": [
                  "0.0.0.0/0"
                ],
                "description": "",
                "from_port": 0,
                "ipv6_cidr_blocks": [],
                "prefix_list_ids": [],
                "protocol": "-1",
                "security_groups": [],
                "self": false,
                "to_port": 0
              }
            ],
            "id": "sg-0fdd21b76c496ec16",
            "ingress": [
              {
                "cidr_blocks": [
                  "0.0.0.0/0"
                ],
                "description": "",
                "from_port": 0,
                "ipv6_cidr_blocks": [],
                "prefix_list_ids": [],
                "protocol": "-1",
                "security_groups": [],
                "self": false,
                "to_port": 0
              }
            ],
            "name": "alb-20241002105151586800000001",
            "name_prefix": "alb-",
            "owner_id": "702523354588",
            "revoke_rules_on_delete": false,
            "tags": {},
            "tags_all": {},
            "timeouts": null,
            "vpc_id": "vpc-012ae31893226c39b"
          },
          "sensitive_attributes": [],
          "private": "eyJlMmJmYjczMC1lY2FhLTExZTYtOGY4OC0zNDM2M2JjN2M0YzAiOnsiY3JlYXRlIjo2MDAwMDAwMDAwMDAsImRlbGV0ZSI6OTAwMDAwMDAwMDAwfSwic2NoZW1hX3ZlcnNpb24iOiIxIn0=",
          "dependencies": [
            "module.aws.module.vpc.aws_vpc.this"
          ]
        }
      ]
    },
    {
      "module": "module.aws",
      "mode": "managed",
      "type": "aws_security_group",
      "name": "bastion_sg",
      "provider": "module.aws.provider[\"registry.terraform.io/hashicorp/aws\"]",
      "instances": [
        {
          "schema_version": 1,
          "attributes": {
            "arn": "arn:aws:ec2:ap-northeast-1:702523354588:security-group/sg-0b02031d4afb43bd2",
            "description": "Managed by Terraform",
            "egress": [
              {
                "cidr_blocks": [
                  "0.0.0.0/0"
                ],
                "description": "",
                "from_port": 443,
                "ipv6_cidr_blocks": [],
                "prefix_list_ids": [],
                "protocol": "tcp",
                "security_groups": [],
                "self": false,
                "to_port": 443
              },
              {
                "cidr_blocks": [
                  "12.0.101.0/24",
                  "12.0.102.0/24"
                ],
                "description": "",
                "from_port": 5432,
                "ipv6_cidr_blocks": [],
                "prefix_list_ids": [],
                "protocol": "tcp",
                "security_groups": [],
                "self": false,
                "to_port": 5432
              }
            ],
            "id": "sg-0b02031d4afb43bd2",
            "ingress": [],
            "name": "bastion_instance_sg",
            "name_prefix": "",
            "owner_id": "702523354588",
            "revoke_rules_on_delete": false,
            "tags": {},
            "tags_all": {},
            "timeouts": null,
            "vpc_id": "vpc-012ae31893226c39b"
          },
          "sensitive_attributes": [],
          "private": "eyJlMmJmYjczMC1lY2FhLTExZTYtOGY4OC0zNDM2M2JjN2M0YzAiOnsiY3JlYXRlIjo2MDAwMDAwMDAwMDAsImRlbGV0ZSI6OTAwMDAwMDAwMDAwfSwic2NoZW1hX3ZlcnNpb24iOiIxIn0=",
          "dependencies": [
            "module.aws.module.vpc.aws_subnet.private",
            "module.aws.module.vpc.aws_vpc.this",
            "module.aws.module.vpc.aws_vpc_ipv4_cidr_block_association.this"
          ],
          "create_before_destroy": true
        }
      ]
    },
    {
      "module": "module.aws",
      "mode": "managed",
      "type": "aws_security_group",
      "name": "ecs",
      "provider": "module.aws.provider[\"registry.terraform.io/hashicorp/aws\"]",
      "instances": [
        {
          "schema_version": 1,
          "attributes": {
            "arn": "arn:aws:ec2:ap-northeast-1:702523354588:security-group/sg-03a38cf50377ea3b4",
            "description": "Managed by Terraform",
            "egress": [
              {
                "cidr_blocks": [
                  "0.0.0.0/0"
                ],
                "description": "",
                "from_port": 0,
                "ipv6_cidr_blocks": [],
                "prefix_list_ids": [],
                "protocol": "-1",
                "security_groups": [],
                "self": false,
                "to_port": 0
              }
            ],
            "id": "sg-03a38cf50377ea3b4",
            "ingress": [
              {
                "cidr_blocks": [],
                "description": "",
                "from_port": 80,
                "ipv6_cidr_blocks": [],
                "prefix_list_ids": [],
                "protocol": "tcp",
                "security_groups": [
                  "sg-0fdd21b76c496ec16"
                ],
                "self": false,
                "to_port": 80
              }
            ],
            "name": "ecs-20241002105154082400000002",
            "name_prefix": "ecs-",
            "owner_id": "702523354588",
            "revoke_rules_on_delete": false,
            "tags": {},
            "tags_all": {},
            "timeouts": null,
            "vpc_id": "vpc-012ae31893226c39b"
          },
          "sensitive_attributes": [],
          "private": "eyJlMmJmYjczMC1lY2FhLTExZTYtOGY4OC0zNDM2M2JjN2M0YzAiOnsiY3JlYXRlIjo2MDAwMDAwMDAwMDAsImRlbGV0ZSI6OTAwMDAwMDAwMDAwfSwic2NoZW1hX3ZlcnNpb24iOiIxIn0=",
          "dependencies": [
            "module.aws.aws_security_group.alb_sg",
            "module.aws.module.vpc.aws_vpc.this"
          ]
        }
      ]
    },
    {
      "module": "module.aws",
      "mode": "managed",
      "type": "aws_security_group",
      "name": "rds",
      "provider": "module.aws.provider[\"registry.terraform.io/hashicorp/aws\"]",
      "instances": [
        {
          "schema_version": 1,
          "attributes": {
            "arn": "arn:aws:ec2:ap-northeast-1:702523354588:security-group/sg-054658aa99ad00f43",
            "description": "Allow access to RDS",
            "egress": [
              {
                "cidr_blocks": [
                  "0.0.0.0/0"
                ],
                "description": "",
                "from_port": 0,
                "ipv6_cidr_blocks": [],
                "prefix_list_ids": [],
                "protocol": "-1",
                "security_groups": [],
                "self": false,
                "to_port": 0
              }
            ],
            "id": "sg-054658aa99ad00f43",
            "ingress": [
              {
                "cidr_blocks": [],
                "description": "",
                "from_port": 5432,
                "ipv6_cidr_blocks": [],
                "prefix_list_ids": [],
                "protocol": "tcp",
                "security_groups": [
                  "sg-0b02031d4afb43bd2"
                ],
                "self": false,
                "to_port": 5432
              }
            ],
            "name": "test-rds-sg",
            "name_prefix": "",
            "owner_id": "702523354588",
            "revoke_rules_on_delete": false,
            "tags": {},
            "tags_all": {},
            "timeouts": null,
            "vpc_id": "vpc-012ae31893226c39b"
          },
          "sensitive_attributes": [],
          "private": "eyJlMmJmYjczMC1lY2FhLTExZTYtOGY4OC0zNDM2M2JjN2M0YzAiOnsiY3JlYXRlIjo2MDAwMDAwMDAwMDAsImRlbGV0ZSI6OTAwMDAwMDAwMDAwfSwic2NoZW1hX3ZlcnNpb24iOiIxIn0=",
          "dependencies": [
            "module.aws.aws_security_group.bastion_sg",
            "module.aws.module.vpc.aws_subnet.private",
            "module.aws.module.vpc.aws_vpc.this",
            "module.aws.module.vpc.aws_vpc_ipv4_cidr_block_association.this"
          ],
          "create_before_destroy": true
        }
      ]
    },
    {
      "module": "module.aws",
      "mode": "managed",
      "type": "aws_security_group",
      "name": "vpc_endpoint",
      "provider": "module.aws.provider[\"registry.terraform.io/hashicorp/aws\"]",
      "instances": [
        {
          "schema_version": 1,
          "attributes": {
            "arn": "arn:aws:ec2:ap-northeast-1:702523354588:security-group/sg-0f5c3f099cb7096a9",
            "description": "Managed by Terraform",
            "egress": [
              {
                "cidr_blocks": [
                  "12.0.0.0/16"
                ],
                "description": "",
                "from_port": 443,
                "ipv6_cidr_blocks": [],
                "prefix_list_ids": [],
                "protocol": "tcp",
                "security_groups": [],
                "self": false,
                "to_port": 443
              }
            ],
            "id": "sg-0f5c3f099cb7096a9",
            "ingress": [
              {
                "cidr_blocks": [
                  "12.0.0.0/16"
                ],
                "description": "",
                "from_port": 443,
                "ipv6_cidr_blocks": [],
                "prefix_list_ids": [],
                "protocol": "tcp",
                "security_groups": [],
                "self": false,
                "to_port": 443
              }
            ],
            "name": "terraform-20241002105156677400000003",
            "name_prefix": "terraform-",
            "owner_id": "702523354588",
            "revoke_rules_on_delete": false,
            "tags": {},
            "tags_all": {},
            "timeouts": null,
            "vpc_id": "vpc-012ae31893226c39b"
          },
          "sensitive_attributes": [],
          "private": "eyJlMmJmYjczMC1lY2FhLTExZTYtOGY4OC0zNDM2M2JjN2M0YzAiOnsiY3JlYXRlIjo2MDAwMDAwMDAwMDAsImRlbGV0ZSI6OTAwMDAwMDAwMDAwfSwic2NoZW1hX3ZlcnNpb24iOiIxIn0=",
          "dependencies": [
            "module.aws.module.vpc.aws_vpc.this"
          ]
        }
      ]
    },
    {
      "module": "module.aws",
      "mode": "managed",
      "type": "aws_vpc_endpoint",
      "name": "ecr_api",
      "provider": "module.aws.provider[\"registry.terraform.io/hashicorp/aws\"]",
      "instances": [
        {
          "schema_version": 0,
          "attributes": {
            "arn": "arn:aws:ec2:ap-northeast-1:702523354588:vpc-endpoint/vpce-0472dc50e77b41387",
            "auto_accept": null,
            "cidr_blocks": [],
            "dns_entry": [
              {
                "dns_name": "vpce-0472dc50e77b41387-edph6a34.api.ecr.ap-northeast-1.vpce.amazonaws.com",
                "hosted_zone_id": "Z2E726K9Y6RL4W"
              },
              {
                "dns_name": "vpce-0472dc50e77b41387-edph6a34-ap-northeast-1a.api.ecr.ap-northeast-1.vpce.amazonaws.com",
                "hosted_zone_id": "Z2E726K9Y6RL4W"
              },
              {
                "dns_name": "vpce-0472dc50e77b41387-edph6a34-ap-northeast-1c.api.ecr.ap-northeast-1.vpce.amazonaws.com",
                "hosted_zone_id": "Z2E726K9Y6RL4W"
              },
              {
                "dns_name": "api.ecr.ap-northeast-1.amazonaws.com",
                "hosted_zone_id": "Z0214762M64DPSPVR21X"
              }
            ],
            "dns_options": [
              {
                "dns_record_ip_type": "ipv4",
                "private_dns_only_for_inbound_resolver_endpoint": false
              }
            ],
            "id": "vpce-0472dc50e77b41387",
            "ip_address_type": "ipv4",
            "network_interface_ids": [
              "eni-032cfda624fcd5afa",
              "eni-03639ffae5fcdc781"
            ],
            "owner_id": "702523354588",
            "policy": "{\"Statement\":[{\"Action\":\"*\",\"Effect\":\"Allow\",\"Principal\":\"*\",\"Resource\":\"*\"}]}",
            "prefix_list_id": null,
            "private_dns_enabled": true,
            "requester_managed": false,
            "route_table_ids": [],
            "security_group_ids": [
              "sg-0f5c3f099cb7096a9"
            ],
            "service_name": "com.amazonaws.ap-northeast-1.ecr.api",
            "state": "available",
            "subnet_configuration": [
              {
                "ipv4": "12.0.101.64",
                "ipv6": "",
                "subnet_id": "subnet-09c754bc2668cee9c"
              },
              {
                "ipv4": "12.0.102.7",
                "ipv6": "",
                "subnet_id": "subnet-0c8d8c58a78e5c344"
              }
            ],
            "subnet_ids": [
              "subnet-09c754bc2668cee9c",
              "subnet-0c8d8c58a78e5c344"
            ],
            "tags": {},
            "tags_all": {},
            "timeouts": null,
            "vpc_endpoint_type": "Interface",
            "vpc_id": "vpc-012ae31893226c39b"
          },
          "sensitive_attributes": [],
          "private": "eyJlMmJmYjczMC1lY2FhLTExZTYtOGY4OC0zNDM2M2JjN2M0YzAiOnsiY3JlYXRlIjo2MDAwMDAwMDAwMDAsImRlbGV0ZSI6NjAwMDAwMDAwMDAwLCJ1cGRhdGUiOjYwMDAwMDAwMDAwMH19",
          "dependencies": [
            "module.aws.aws_security_group.vpc_endpoint",
            "module.aws.module.vpc.aws_subnet.private",
            "module.aws.module.vpc.aws_vpc.this",
            "module.aws.module.vpc.aws_vpc_ipv4_cidr_block_association.this"
          ]
        }
      ]
    },
    {
      "module": "module.aws",
      "mode": "managed",
      "type": "aws_vpc_endpoint",
      "name": "ecr_dkr",
      "provider": "module.aws.provider[\"registry.terraform.io/hashicorp/aws\"]",
      "instances": [
        {
          "schema_version": 0,
          "attributes": {
            "arn": "arn:aws:ec2:ap-northeast-1:702523354588:vpc-endpoint/vpce-0291b1c88e7344f22",
            "auto_accept": null,
            "cidr_blocks": [],
            "dns_entry": [
              {
                "dns_name": "vpce-0291b1c88e7344f22-spjyf1u8.dkr.ecr.ap-northeast-1.vpce.amazonaws.com",
                "hosted_zone_id": "Z2E726K9Y6RL4W"
              },
              {
                "dns_name": "vpce-0291b1c88e7344f22-spjyf1u8-ap-northeast-1c.dkr.ecr.ap-northeast-1.vpce.amazonaws.com",
                "hosted_zone_id": "Z2E726K9Y6RL4W"
              },
              {
                "dns_name": "vpce-0291b1c88e7344f22-spjyf1u8-ap-northeast-1a.dkr.ecr.ap-northeast-1.vpce.amazonaws.com",
                "hosted_zone_id": "Z2E726K9Y6RL4W"
              },
              {
                "dns_name": "dkr.ecr.ap-northeast-1.amazonaws.com",
                "hosted_zone_id": "Z0135283RJ5Q9TCKKNM7"
              },
              {
                "dns_name": "*.dkr.ecr.ap-northeast-1.amazonaws.com",
                "hosted_zone_id": "Z0135283RJ5Q9TCKKNM7"
              }
            ],
            "dns_options": [
              {
                "dns_record_ip_type": "ipv4",
                "private_dns_only_for_inbound_resolver_endpoint": false
              }
            ],
            "id": "vpce-0291b1c88e7344f22",
            "ip_address_type": "ipv4",
            "network_interface_ids": [
              "eni-025f649260461a48d",
              "eni-0321b64822f9cbefb"
            ],
            "owner_id": "702523354588",
            "policy": "{\"Statement\":[{\"Action\":\"*\",\"Effect\":\"Allow\",\"Principal\":\"*\",\"Resource\":\"*\"}]}",
            "prefix_list_id": null,
            "private_dns_enabled": true,
            "requester_managed": false,
            "route_table_ids": [],
            "security_group_ids": [
              "sg-0f5c3f099cb7096a9"
            ],
            "service_name": "com.amazonaws.ap-northeast-1.ecr.dkr",
            "state": "available",
            "subnet_configuration": [
              {
                "ipv4": "12.0.101.92",
                "ipv6": "",
                "subnet_id": "subnet-09c754bc2668cee9c"
              },
              {
                "ipv4": "12.0.102.127",
                "ipv6": "",
                "subnet_id": "subnet-0c8d8c58a78e5c344"
              }
            ],
            "subnet_ids": [
              "subnet-09c754bc2668cee9c",
              "subnet-0c8d8c58a78e5c344"
            ],
            "tags": {},
            "tags_all": {},
            "timeouts": null,
            "vpc_endpoint_type": "Interface",
            "vpc_id": "vpc-012ae31893226c39b"
          },
          "sensitive_attributes": [],
          "private": "eyJlMmJmYjczMC1lY2FhLTExZTYtOGY4OC0zNDM2M2JjN2M0YzAiOnsiY3JlYXRlIjo2MDAwMDAwMDAwMDAsImRlbGV0ZSI6NjAwMDAwMDAwMDAwLCJ1cGRhdGUiOjYwMDAwMDAwMDAwMH19",
          "dependencies": [
            "module.aws.aws_security_group.vpc_endpoint",
            "module.aws.module.vpc.aws_subnet.private",
            "module.aws.module.vpc.aws_vpc.this",
            "module.aws.module.vpc.aws_vpc_ipv4_cidr_block_association.this"
          ]
        }
      ]
    },
    {
      "module": "module.aws",
      "mode": "managed",
      "type": "aws_vpc_endpoint",
      "name": "logs",
      "provider": "module.aws.provider[\"registry.terraform.io/hashicorp/aws\"]",
      "instances": [
        {
          "schema_version": 0,
          "attributes": {
            "arn": "arn:aws:ec2:ap-northeast-1:702523354588:vpc-endpoint/vpce-01955773482302de9",
            "auto_accept": null,
            "cidr_blocks": [],
            "dns_entry": [
              {
                "dns_name": "vpce-01955773482302de9-bbon91oa.logs.ap-northeast-1.vpce.amazonaws.com",
                "hosted_zone_id": "Z2E726K9Y6RL4W"
              },
              {
                "dns_name": "vpce-01955773482302de9-bbon91oa-ap-northeast-1c.logs.ap-northeast-1.vpce.amazonaws.com",
                "hosted_zone_id": "Z2E726K9Y6RL4W"
              },
              {
                "dns_name": "vpce-01955773482302de9-bbon91oa-ap-northeast-1a.logs.ap-northeast-1.vpce.amazonaws.com",
                "hosted_zone_id": "Z2E726K9Y6RL4W"
              },
              {
                "dns_name": "logs.ap-northeast-1.amazonaws.com",
                "hosted_zone_id": "Z01746831CABLATARYE9H"
              },
              {
                "dns_name": "logs.ap-northeast-1.api.aws",
                "hosted_zone_id": "Z01580842JYCNPH6XH21K"
              }
            ],
            "dns_options": [
              {
                "dns_record_ip_type": "ipv4",
                "private_dns_only_for_inbound_resolver_endpoint": false
              }
            ],
            "id": "vpce-01955773482302de9",
            "ip_address_type": "ipv4",
            "network_interface_ids": [
              "eni-09fd050d6e113c235",
              "eni-0e19483a484e063db"
            ],
            "owner_id": "702523354588",
            "policy": "{\"Statement\":[{\"Action\":\"*\",\"Effect\":\"Allow\",\"Principal\":\"*\",\"Resource\":\"*\"}]}",
            "prefix_list_id": null,
            "private_dns_enabled": true,
            "requester_managed": false,
            "route_table_ids": [],
            "security_group_ids": [
              "sg-0f5c3f099cb7096a9"
            ],
            "service_name": "com.amazonaws.ap-northeast-1.logs",
            "state": "available",
            "subnet_configuration": [
              {
                "ipv4": "12.0.101.61",
                "ipv6": "",
                "subnet_id": "subnet-09c754bc2668cee9c"
              },
              {
                "ipv4": "12.0.102.178",
                "ipv6": "",
                "subnet_id": "subnet-0c8d8c58a78e5c344"
              }
            ],
            "subnet_ids": [
              "subnet-09c754bc2668cee9c",
              "subnet-0c8d8c58a78e5c344"
            ],
            "tags": {},
            "tags_all": {},
            "timeouts": null,
            "vpc_endpoint_type": "Interface",
            "vpc_id": "vpc-012ae31893226c39b"
          },
          "sensitive_attributes": [],
          "private": "eyJlMmJmYjczMC1lY2FhLTExZTYtOGY4OC0zNDM2M2JjN2M0YzAiOnsiY3JlYXRlIjo2MDAwMDAwMDAwMDAsImRlbGV0ZSI6NjAwMDAwMDAwMDAwLCJ1cGRhdGUiOjYwMDAwMDAwMDAwMH19",
          "dependencies": [
            "module.aws.aws_security_group.vpc_endpoint",
            "module.aws.module.vpc.aws_subnet.private",
            "module.aws.module.vpc.aws_vpc.this",
            "module.aws.module.vpc.aws_vpc_ipv4_cidr_block_association.this"
          ]
        }
      ]
    },
    {
      "module": "module.aws",
      "mode": "managed",
      "type": "aws_vpc_endpoint",
      "name": "s3",
      "provider": "module.aws.provider[\"registry.terraform.io/hashicorp/aws\"]",
      "instances": [
        {
          "schema_version": 0,
          "attributes": {
            "arn": "arn:aws:ec2:ap-northeast-1:702523354588:vpc-endpoint/vpce-05bac50aa080230f2",
            "auto_accept": null,
            "cidr_blocks": [
              "3.5.152.0/21",
              "52.219.162.0/23",
              "52.219.0.0/20",
              "52.219.16.0/22",
              "52.219.196.0/22",
              "52.219.172.0/22",
              "52.219.195.0/24",
              "52.219.200.0/23",
              "52.219.150.0/23",
              "52.219.20.0/24",
              "52.219.152.0/22",
              "52.219.136.0/22",
              "52.219.68.0/22"
            ],
            "dns_entry": [],
            "dns_options": [],
            "id": "vpce-05bac50aa080230f2",
            "ip_address_type": "",
            "network_interface_ids": [],
            "owner_id": "702523354588",
            "policy": "{\"Statement\":[{\"Action\":\"*\",\"Effect\":\"Allow\",\"Principal\":\"*\",\"Resource\":\"*\"}],\"Version\":\"2008-10-17\"}",
            "prefix_list_id": "pl-61a54008",
            "private_dns_enabled": false,
            "requester_managed": false,
            "route_table_ids": [
              "rtb-04d338bf2741d4f54",
              "rtb-06d4439a677f74f85"
            ],
            "security_group_ids": [],
            "service_name": "com.amazonaws.ap-northeast-1.s3",
            "state": "available",
            "subnet_configuration": [],
            "subnet_ids": [],
            "tags": {},
            "tags_all": {},
            "timeouts": null,
            "vpc_endpoint_type": "Gateway",
            "vpc_id": "vpc-012ae31893226c39b"
          },
          "sensitive_attributes": [],
          "private": "eyJlMmJmYjczMC1lY2FhLTExZTYtOGY4OC0zNDM2M2JjN2M0YzAiOnsiY3JlYXRlIjo2MDAwMDAwMDAwMDAsImRlbGV0ZSI6NjAwMDAwMDAwMDAwLCJ1cGRhdGUiOjYwMDAwMDAwMDAwMH19",
          "dependencies": [
            "module.aws.module.vpc.aws_route_table.private",
            "module.aws.module.vpc.aws_vpc.this",
            "module.aws.module.vpc.aws_vpc_ipv4_cidr_block_association.this"
          ]
        }
      ]
    },
    {
      "module": "module.aws",
      "mode": "managed",
      "type": "aws_vpc_endpoint",
      "name": "ssmmessages",
      "provider": "module.aws.provider[\"registry.terraform.io/hashicorp/aws\"]",
      "instances": [
        {
          "schema_version": 0,
          "attributes": {
            "arn": "arn:aws:ec2:ap-northeast-1:702523354588:vpc-endpoint/vpce-0ce6c1b48f1086efc",
            "auto_accept": null,
            "cidr_blocks": [],
            "dns_entry": [
              {
                "dns_name": "vpce-0ce6c1b48f1086efc-dskvj47l.ssmmessages.ap-northeast-1.vpce.amazonaws.com",
                "hosted_zone_id": "Z2E726K9Y6RL4W"
              },
              {
                "dns_name": "vpce-0ce6c1b48f1086efc-dskvj47l-ap-northeast-1c.ssmmessages.ap-northeast-1.vpce.amazonaws.com",
                "hosted_zone_id": "Z2E726K9Y6RL4W"
              },
              {
                "dns_name": "vpce-0ce6c1b48f1086efc-dskvj47l-ap-northeast-1a.ssmmessages.ap-northeast-1.vpce.amazonaws.com",
                "hosted_zone_id": "Z2E726K9Y6RL4W"
              },
              {
                "dns_name": "ssmmessages.ap-northeast-1.amazonaws.com",
                "hosted_zone_id": "Z07258252M7CCWDKWA33A"
              }
            ],
            "dns_options": [
              {
                "dns_record_ip_type": "ipv4",
                "private_dns_only_for_inbound_resolver_endpoint": false
              }
            ],
            "id": "vpce-0ce6c1b48f1086efc",
            "ip_address_type": "ipv4",
            "network_interface_ids": [
              "eni-01b1e52c64d630885",
              "eni-08218f5522de23369"
            ],
            "owner_id": "702523354588",
            "policy": "{\"Statement\":[{\"Action\":\"*\",\"Effect\":\"Allow\",\"Principal\":\"*\",\"Resource\":\"*\"}]}",
            "prefix_list_id": null,
            "private_dns_enabled": true,
            "requester_managed": false,
            "route_table_ids": [],
            "security_group_ids": [
              "sg-0f5c3f099cb7096a9"
            ],
            "service_name": "com.amazonaws.ap-northeast-1.ssmmessages",
            "state": "available",
            "subnet_configuration": [
              {
                "ipv4": "12.0.101.18",
                "ipv6": "",
                "subnet_id": "subnet-09c754bc2668cee9c"
              },
              {
                "ipv4": "12.0.102.103",
                "ipv6": "",
                "subnet_id": "subnet-0c8d8c58a78e5c344"
              }
            ],
            "subnet_ids": [
              "subnet-09c754bc2668cee9c",
              "subnet-0c8d8c58a78e5c344"
            ],
            "tags": {},
            "tags_all": {},
            "timeouts": null,
            "vpc_endpoint_type": "Interface",
            "vpc_id": "vpc-012ae31893226c39b"
          },
          "sensitive_attributes": [],
          "private": "eyJlMmJmYjczMC1lY2FhLTExZTYtOGY4OC0zNDM2M2JjN2M0YzAiOnsiY3JlYXRlIjo2MDAwMDAwMDAwMDAsImRlbGV0ZSI6NjAwMDAwMDAwMDAwLCJ1cGRhdGUiOjYwMDAwMDAwMDAwMH19",
          "dependencies": [
            "module.aws.aws_security_group.vpc_endpoint",
            "module.aws.module.vpc.aws_subnet.private",
            "module.aws.module.vpc.aws_vpc.this",
            "module.aws.module.vpc.aws_vpc_ipv4_cidr_block_association.this"
          ]
        }
      ]
    },
    {
      "module": "module.aws",
      "mode": "managed",
      "type": "aws_vpc_endpoint_route_table_association",
      "name": "main",
      "provider": "module.aws.provider[\"registry.terraform.io/hashicorp/aws\"]",
      "instances": [
        {
          "index_key": 0,
          "schema_version": 0,
          "attributes": {
            "id": "a-vpce-05bac50aa080230f249234958",
            "route_table_id": "rtb-04d338bf2741d4f54",
            "vpc_endpoint_id": "vpce-05bac50aa080230f2"
          },
          "sensitive_attributes": [],
          "private": "bnVsbA==",
          "dependencies": [
            "module.aws.aws_vpc_endpoint.s3",
            "module.aws.module.vpc.aws_route_table.private",
            "module.aws.module.vpc.aws_subnet.private",
            "module.aws.module.vpc.aws_vpc.this",
            "module.aws.module.vpc.aws_vpc_ipv4_cidr_block_association.this"
          ]
        },
        {
          "index_key": 1,
          "schema_version": 0,
          "attributes": {
            "id": "a-vpce-05bac50aa080230f22511708412",
            "route_table_id": "rtb-06d4439a677f74f85",
            "vpc_endpoint_id": "vpce-05bac50aa080230f2"
          },
          "sensitive_attributes": [],
          "private": "bnVsbA==",
          "dependencies": [
            "module.aws.aws_vpc_endpoint.s3",
            "module.aws.module.vpc.aws_route_table.private",
            "module.aws.module.vpc.aws_subnet.private",
            "module.aws.module.vpc.aws_vpc.this",
            "module.aws.module.vpc.aws_vpc_ipv4_cidr_block_association.this"
          ]
        }
      ]
    },
    {
      "module": "module.aws",
      "mode": "managed",
      "type": "null_resource",
      "name": "ecr_server",
      "provider": "provider[\"registry.terraform.io/hashicorp/null\"]",
      "instances": [
        {
          "schema_version": 0,
          "attributes": {
            "id": "1291630840283755372",
            "triggers": {
              "file_content_md5": "3f8477d7db29acbf1b5869986c3f72ea"
            }
          },
          "sensitive_attributes": [],
          "dependencies": [
            "module.aws.aws_ecr_repository.main",
            "module.aws.data.aws_caller_identity.current"
          ]
        }
      ]
    },
    {
      "module": "module.aws",
      "mode": "managed",
      "type": "null_resource",
      "name": "fluentd",
      "provider": "provider[\"registry.terraform.io/hashicorp/null\"]",
      "instances": [
        {
          "schema_version": 0,
          "attributes": {
            "id": "8146626008675118924",
            "triggers": {
              "file_content_md5": "709cd26cbff6e330cb214175d8c20d4a"
            }
          },
          "sensitive_attributes": [],
          "dependencies": [
            "module.aws.aws_ecr_repository.fluentd",
            "module.aws.data.aws_caller_identity.current"
          ]
        }
      ]
    },
    {
      "module": "module.aws",
      "mode": "managed",
      "type": "random_pet",
      "name": "athena_workgroup_namebucket_name",
      "provider": "provider[\"registry.terraform.io/hashicorp/random\"]",
      "instances": [
        {
          "schema_version": 0,
          "attributes": {
            "id": "true-griffon",
            "keepers": null,
            "length": 2,
            "prefix": null,
            "separator": "-"
          },
          "sensitive_attributes": []
        }
      ]
    },
    {
      "module": "module.aws",
      "mode": "managed",
      "type": "random_pet",
      "name": "bucket_name",
      "provider": "provider[\"registry.terraform.io/hashicorp/random\"]",
      "instances": [
        {
          "schema_version": 0,
          "attributes": {
            "id": "renewing-redfish",
            "keepers": null,
            "length": 2,
            "prefix": null,
            "separator": "-"
          },
          "sensitive_attributes": []
        }
      ]
    },
    {
      "module": "module.aws.module.snapshot-exporter-lambda",
      "mode": "data",
      "type": "aws_caller_identity",
      "name": "current",
      "provider": "module.aws.provider[\"registry.terraform.io/hashicorp/aws\"]",
      "instances": [
        {
          "schema_version": 0,
          "attributes": {
            "account_id": "702523354588",
            "arn": "arn:aws:iam::702523354588:user/terraform",
            "id": "702523354588",
            "user_id": "AIDA2HENHVXOMRD522I6S"
          },
          "sensitive_attributes": []
        }
      ]
    },
    {
      "module": "module.aws.module.snapshot-exporter-lambda",
      "mode": "data",
      "type": "aws_iam_policy_document",
      "name": "assume_role",
      "provider": "module.aws.provider[\"registry.terraform.io/hashicorp/aws\"]",
      "instances": [
        {
          "index_key": 0,
          "schema_version": 0,
          "attributes": {
            "id": "2690255455",
            "json": "{\n  \"Version\": \"2012-10-17\",\n  \"Statement\": [\n    {\n      \"Effect\": \"Allow\",\n      \"Action\": \"sts:AssumeRole\",\n      \"Principal\": {\n        \"Service\": \"lambda.amazonaws.com\"\n      }\n    }\n  ]\n}",
            "minified_json": "{\"Version\":\"2012-10-17\",\"Statement\":[{\"Effect\":\"Allow\",\"Action\":\"sts:AssumeRole\",\"Principal\":{\"Service\":\"lambda.amazonaws.com\"}}]}",
            "override_json": null,
            "override_policy_documents": null,
            "policy_id": null,
            "source_json": null,
            "source_policy_documents": null,
            "statement": [
              {
                "actions": [
                  "sts:AssumeRole"
                ],
                "condition": [],
                "effect": "Allow",
                "not_actions": [],
                "not_principals": [],
                "not_resources": [],
                "principals": [
                  {
                    "identifiers": [
                      "lambda.amazonaws.com"
                    ],
                    "type": "Service"
                  }
                ],
                "resources": [],
                "sid": ""
              }
            ],
            "version": "2012-10-17"
          },
          "sensitive_attributes": []
        }
      ]
    },
    {
      "module": "module.aws.module.snapshot-exporter-lambda",
      "mode": "data",
      "type": "aws_iam_policy_document",
      "name": "logs",
      "provider": "module.aws.provider[\"registry.terraform.io/hashicorp/aws\"]",
      "instances": [
        {
          "index_key": 0,
          "schema_version": 0,
          "attributes": {
            "id": "1465436909",
            "json": "{\n  \"Version\": \"2012-10-17\",\n  \"Statement\": [\n    {\n      \"Effect\": \"Allow\",\n      \"Action\": [\n        \"logs:PutLogEvents\",\n        \"logs:CreateLogStream\",\n        \"logs:CreateLogGroup\"\n      ],\n      \"Resource\": [\n        \"arn:aws:logs:ap-northeast-1:702523354588:log-group:/aws/lambda/snapshot-exporter:*:*\",\n        \"arn:aws:logs:ap-northeast-1:702523354588:log-group:/aws/lambda/snapshot-exporter:*\"\n      ]\n    }\n  ]\n}",
            "minified_json": "{\"Version\":\"2012-10-17\",\"Statement\":[{\"Effect\":\"Allow\",\"Action\":[\"logs:PutLogEvents\",\"logs:CreateLogStream\",\"logs:CreateLogGroup\"],\"Resource\":[\"arn:aws:logs:ap-northeast-1:702523354588:log-group:/aws/lambda/snapshot-exporter:*:*\",\"arn:aws:logs:ap-northeast-1:702523354588:log-group:/aws/lambda/snapshot-exporter:*\"]}]}",
            "override_json": null,
            "override_policy_documents": null,
            "policy_id": null,
            "source_json": null,
            "source_policy_documents": null,
            "statement": [
              {
                "actions": [
                  "logs:CreateLogGroup",
                  "logs:CreateLogStream",
                  "logs:PutLogEvents"
                ],
                "condition": [],
                "effect": "Allow",
                "not_actions": [],
                "not_principals": [],
                "not_resources": [],
                "principals": [],
                "resources": [
                  "arn:aws:logs:ap-northeast-1:702523354588:log-group:/aws/lambda/snapshot-exporter:*",
                  "arn:aws:logs:ap-northeast-1:702523354588:log-group:/aws/lambda/snapshot-exporter:*:*"
                ],
                "sid": ""
              }
            ],
            "version": "2012-10-17"
          },
          "sensitive_attributes": []
        }
      ]
    },
    {
      "module": "module.aws.module.snapshot-exporter-lambda",
      "mode": "data",
      "type": "aws_partition",
      "name": "current",
      "provider": "module.aws.provider[\"registry.terraform.io/hashicorp/aws\"]",
      "instances": [
        {
          "schema_version": 0,
          "attributes": {
            "dns_suffix": "amazonaws.com",
            "id": "aws",
            "partition": "aws",
            "reverse_dns_prefix": "com.amazonaws"
          },
          "sensitive_attributes": []
        }
      ]
    },
    {
      "module": "module.aws.module.snapshot-exporter-lambda",
      "mode": "data",
      "type": "aws_region",
      "name": "current",
      "provider": "module.aws.provider[\"registry.terraform.io/hashicorp/aws\"]",
      "instances": [
        {
          "schema_version": 0,
          "attributes": {
            "description": "Asia Pacific (Tokyo)",
            "endpoint": "ec2.ap-northeast-1.amazonaws.com",
            "id": "ap-northeast-1",
            "name": "ap-northeast-1"
          },
          "sensitive_attributes": []
        }
      ]
    },
    {
      "module": "module.aws.module.snapshot-exporter-lambda",
      "mode": "data",
      "type": "external",
      "name": "archive_prepare",
      "provider": "provider[\"registry.terraform.io/hashicorp/external\"]",
      "instances": [
        {
          "index_key": 0,
          "schema_version": 0,
          "attributes": {
            "id": "-",
            "program": [
              "python3",
              ".terraform/modules/aws.snapshot-exporter-lambda/package.py",
              "prepare"
            ],
            "query": {
              "artifacts_dir": "builds",
              "docker": null,
              "hash_extra": "",
              "hash_extra_paths": "[]",
              "paths": "{\"cwd\":\"/Users/kat/Documents/terraform-practice/data_platform_sample\",\"module\":\".terraform/modules/aws.snapshot-exporter-lambda\",\"root\":\".\"}",
              "recreate_missing_package": "true",
              "runtime": "python3.11",
              "source_path": "\"aws/lambdas/snapshot_exporter\""
            },
            "result": {
              "build_plan": "{\"filename\": \"builds/2ecb6940788b21a61f08bc9413002a76d0ea3568ce679dca30098ecaef07a677.zip\", \"runtime\": \"python3.11\", \"artifacts_dir\": \"builds\", \"build_plan\": [[\"zip\", \"aws/lambdas/snapshot_exporter\", null]]}",
              "build_plan_filename": "builds/2ecb6940788b21a61f08bc9413002a76d0ea3568ce679dca30098ecaef07a677.plan.json",
              "filename": "builds/2ecb6940788b21a61f08bc9413002a76d0ea3568ce679dca30098ecaef07a677.zip",
              "timestamp": "1727874155970855000",
              "was_missing": "false"
            },
            "working_dir": null
          },
          "sensitive_attributes": []
        }
      ]
    },
    {
      "module": "module.aws.module.snapshot-exporter-lambda",
      "mode": "managed",
      "type": "aws_cloudwatch_log_group",
      "name": "lambda",
      "provider": "module.aws.provider[\"registry.terraform.io/hashicorp/aws\"]",
      "instances": [
        {
          "index_key": 0,
          "schema_version": 0,
          "attributes": {
            "arn": "arn:aws:logs:ap-northeast-1:702523354588:log-group:/aws/lambda/snapshot-exporter",
            "id": "/aws/lambda/snapshot-exporter",
            "kms_key_id": "",
            "log_group_class": "STANDARD",
            "name": "/aws/lambda/snapshot-exporter",
            "name_prefix": "",
            "retention_in_days": 0,
            "skip_destroy": false,
            "tags": {},
            "tags_all": {}
          },
          "sensitive_attributes": [],
          "private": "bnVsbA==",
          "create_before_destroy": true
        }
      ]
    },
    {
      "module": "module.aws.module.snapshot-exporter-lambda",
      "mode": "managed",
      "type": "aws_iam_policy",
      "name": "logs",
      "provider": "module.aws.provider[\"registry.terraform.io/hashicorp/aws\"]",
      "instances": [
        {
          "index_key": 0,
          "schema_version": 0,
          "attributes": {
            "arn": "arn:aws:iam::702523354588:policy/snapshot-exporter-logs",
            "attachment_count": 1,
            "description": "",
            "id": "arn:aws:iam::702523354588:policy/snapshot-exporter-logs",
            "name": "snapshot-exporter-logs",
            "name_prefix": "",
            "path": "/",
            "policy": "{\"Statement\":[{\"Action\":[\"logs:PutLogEvents\",\"logs:CreateLogStream\",\"logs:CreateLogGroup\"],\"Effect\":\"Allow\",\"Resource\":[\"arn:aws:logs:ap-northeast-1:702523354588:log-group:/aws/lambda/snapshot-exporter:*:*\",\"arn:aws:logs:ap-northeast-1:702523354588:log-group:/aws/lambda/snapshot-exporter:*\"]}],\"Version\":\"2012-10-17\"}",
            "policy_id": "ANPA2HENHVXOP4ACDCGNN",
            "tags": {},
            "tags_all": {}
          },
          "sensitive_attributes": [],
          "private": "bnVsbA==",
          "dependencies": [
            "module.aws.module.snapshot-exporter-lambda.aws_cloudwatch_log_group.lambda",
            "module.aws.module.snapshot-exporter-lambda.data.aws_arn.log_group_arn",
            "module.aws.module.snapshot-exporter-lambda.data.aws_cloudwatch_log_group.lambda",
            "module.aws.module.snapshot-exporter-lambda.data.aws_iam_policy_document.logs"
          ],
          "create_before_destroy": true
        }
      ]
    },
    {
      "module": "module.aws.module.snapshot-exporter-lambda",
      "mode": "managed",
      "type": "aws_iam_role",
      "name": "lambda",
      "provider": "module.aws.provider[\"registry.terraform.io/hashicorp/aws\"]",
      "instances": [
        {
          "index_key": 0,
          "schema_version": 0,
          "attributes": {
            "arn": "arn:aws:iam::702523354588:role/snapshot-exporter",
            "assume_role_policy": "{\"Statement\":[{\"Action\":\"sts:AssumeRole\",\"Effect\":\"Allow\",\"Principal\":{\"Service\":\"lambda.amazonaws.com\"}}],\"Version\":\"2012-10-17\"}",
            "create_date": "2024-10-02T07:54:05Z",
            "description": "",
            "force_detach_policies": true,
            "id": "snapshot-exporter",
            "inline_policy": [],
            "managed_policy_arns": [
              "arn:aws:iam::702523354588:policy/snapshot-exporter-lambda-policy",
              "arn:aws:iam::702523354588:policy/snapshot-exporter-logs",
              "arn:aws:iam::aws:policy/service-role/AWSLambdaBasicExecutionRole"
            ],
            "max_session_duration": 3600,
            "name": "snapshot-exporter",
            "name_prefix": "",
            "path": "/",
            "permissions_boundary": "",
            "tags": {},
            "tags_all": {},
            "unique_id": "AROA2HENHVXOHKIIQ7JPD"
          },
          "sensitive_attributes": [],
          "private": "bnVsbA==",
          "dependencies": [
            "module.aws.module.snapshot-exporter-lambda.data.aws_iam_policy_document.assume_role"
          ],
          "create_before_destroy": true
        }
      ]
    },
    {
      "module": "module.aws.module.snapshot-exporter-lambda",
      "mode": "managed",
      "type": "aws_iam_role_policy_attachment",
      "name": "additional_many",
      "provider": "module.aws.provider[\"registry.terraform.io/hashicorp/aws\"]",
      "instances": [
        {
          "index_key": 0,
          "schema_version": 0,
          "attributes": {
            "id": "snapshot-exporter-20241005090329049800000002",
            "policy_arn": "arn:aws:iam::aws:policy/service-role/AWSLambdaBasicExecutionRole",
            "role": "snapshot-exporter"
          },
          "sensitive_attributes": [],
          "private": "bnVsbA==",
          "dependencies": [
            "module.aws.aws_iam_policy.snapshot_exporter_lambda_policy",
            "module.aws.aws_kms_key.main",
            "module.aws.aws_s3_bucket.snapshot_exporter_bucket",
            "module.aws.data.aws_caller_identity.current",
            "module.aws.module.snapshot-exporter-lambda.aws_iam_role.lambda",
            "module.aws.module.snapshot-exporter-lambda.data.aws_iam_policy_document.assume_role"
          ],
          "create_before_destroy": true
        },
        {
          "index_key": 1,
          "schema_version": 0,
          "attributes": {
            "id": "snapshot-exporter-20241005090329048400000001",
            "policy_arn": "arn:aws:iam::702523354588:policy/snapshot-exporter-lambda-policy",
            "role": "snapshot-exporter"
          },
          "sensitive_attributes": [],
          "private": "bnVsbA==",
          "dependencies": [
            "module.aws.aws_iam_policy.snapshot_exporter_lambda_policy",
            "module.aws.aws_kms_key.main",
            "module.aws.aws_s3_bucket.snapshot_exporter_bucket",
            "module.aws.data.aws_caller_identity.current",
            "module.aws.module.snapshot-exporter-lambda.aws_iam_role.lambda",
            "module.aws.module.snapshot-exporter-lambda.data.aws_iam_policy_document.assume_role"
          ],
          "create_before_destroy": true
        }
      ]
    },
    {
      "module": "module.aws.module.snapshot-exporter-lambda",
      "mode": "managed",
      "type": "aws_iam_role_policy_attachment",
      "name": "logs",
      "provider": "module.aws.provider[\"registry.terraform.io/hashicorp/aws\"]",
      "instances": [
        {
          "index_key": 0,
          "schema_version": 0,
          "attributes": {
            "id": "snapshot-exporter-20241002075406612300000001",
            "policy_arn": "arn:aws:iam::702523354588:policy/snapshot-exporter-logs",
            "role": "snapshot-exporter"
          },
          "sensitive_attributes": [],
          "private": "bnVsbA==",
          "dependencies": [
            "module.aws.module.snapshot-exporter-lambda.aws_cloudwatch_log_group.lambda",
            "module.aws.module.snapshot-exporter-lambda.aws_iam_policy.logs",
            "module.aws.module.snapshot-exporter-lambda.aws_iam_role.lambda",
            "module.aws.module.snapshot-exporter-lambda.data.aws_arn.log_group_arn",
            "module.aws.module.snapshot-exporter-lambda.data.aws_cloudwatch_log_group.lambda",
            "module.aws.module.snapshot-exporter-lambda.data.aws_iam_policy_document.assume_role",
            "module.aws.module.snapshot-exporter-lambda.data.aws_iam_policy_document.logs"
          ],
          "create_before_destroy": true
        }
      ]
    },
    {
      "module": "module.aws.module.snapshot-exporter-lambda",
      "mode": "managed",
      "type": "aws_lambda_function",
      "name": "this",
      "provider": "module.aws.provider[\"registry.terraform.io/hashicorp/aws\"]",
      "instances": [
        {
          "index_key": 0,
          "schema_version": 0,
          "attributes": {
            "architectures": [
              "x86_64"
            ],
            "arn": "arn:aws:lambda:ap-northeast-1:702523354588:function:snapshot-exporter",
            "code_sha256": "h2EwlMFf9B4Nh7ME5I6Wc6ZMWTM38tyecpzW9819IuY=",
            "code_signing_config_arn": "",
            "dead_letter_config": [],
            "description": "Snapshot exporter",
            "environment": [
              {
                "variables": {
                  "KMS_KEY_ID": "arn:aws:kms:ap-northeast-1:702523354588:key/8940c391-87aa-4c9d-be62-8d11aa27c484",
                  "RDS_INSTANCE_ID": "testdb",
                  "S3_BUCKET": "snapshot-exporter-bucket",
                  "SNAPSHOT_IAM_ROLE": "arn:aws:iam::702523354588:role/snapshot-s3-export"
                }
              }
            ],
            "ephemeral_storage": [
              {
                "size": 512
              }
            ],
            "file_system_config": [],
            "filename": "builds/2ecb6940788b21a61f08bc9413002a76d0ea3568ce679dca30098ecaef07a677.zip",
            "function_name": "snapshot-exporter",
            "handler": "main.lambda_handler",
            "id": "snapshot-exporter",
            "image_config": [],
            "image_uri": "",
            "invoke_arn": "arn:aws:apigateway:ap-northeast-1:lambda:path/2015-03-31/functions/arn:aws:lambda:ap-northeast-1:702523354588:function:snapshot-exporter/invocations",
            "kms_key_arn": "",
            "last_modified": "2024-10-05T09:59:28.000+0000",
            "layers": [],
            "logging_config": [
              {
                "application_log_level": "",
                "log_format": "Text",
                "log_group": "/aws/lambda/snapshot-exporter",
                "system_log_level": ""
              }
            ],
            "memory_size": 128,
            "package_type": "Zip",
            "publish": false,
            "qualified_arn": "arn:aws:lambda:ap-northeast-1:702523354588:function:snapshot-exporter:$LATEST",
            "qualified_invoke_arn": "arn:aws:apigateway:ap-northeast-1:lambda:path/2015-03-31/functions/arn:aws:lambda:ap-northeast-1:702523354588:function:snapshot-exporter:$LATEST/invocations",
            "replace_security_groups_on_destroy": null,
            "replacement_security_group_ids": null,
            "reserved_concurrent_executions": -1,
            "role": "arn:aws:iam::702523354588:role/snapshot-exporter",
            "runtime": "python3.11",
            "s3_bucket": null,
            "s3_key": null,
            "s3_object_version": null,
            "signing_job_arn": "",
            "signing_profile_version_arn": "",
            "skip_destroy": false,
            "snap_start": [],
            "source_code_hash": "h2EwlMFf9B4Nh7ME5I6Wc6ZMWTM38tyecpzW9819IuY=",
            "source_code_size": 1299,
            "tags": {
              "terraform-aws-modules": "lambda"
            },
            "tags_all": {
              "terraform-aws-modules": "lambda"
            },
            "timeout": 900,
            "timeouts": null,
            "tracing_config": [
              {
                "mode": "PassThrough"
              }
            ],
            "version": "$LATEST",
            "vpc_config": []
          },
          "sensitive_attributes": [],
          "private": "eyJlMmJmYjczMC1lY2FhLTExZTYtOGY4OC0zNDM2M2JjN2M0YzAiOnsiY3JlYXRlIjo2MDAwMDAwMDAwMDAsImRlbGV0ZSI6NjAwMDAwMDAwMDAwLCJ1cGRhdGUiOjYwMDAwMDAwMDAwMH19",
          "dependencies": [
            "module.aws.aws_db_instance.main",
            "module.aws.aws_db_subnet_group.main",
            "module.aws.aws_iam_policy.snapshot_exporter_lambda_policy",
            "module.aws.aws_iam_role.snapshot_s3_export",
            "module.aws.aws_kms_key.main",
            "module.aws.aws_s3_bucket.snapshot_exporter_bucket",
            "module.aws.aws_security_group.bastion_sg",
            "module.aws.aws_security_group.rds",
            "module.aws.data.aws_caller_identity.current",
            "module.aws.module.snapshot-exporter-lambda.aws_cloudwatch_log_group.lambda",
            "module.aws.module.snapshot-exporter-lambda.aws_iam_policy.additional_inline",
            "module.aws.module.snapshot-exporter-lambda.aws_iam_policy.additional_json",
            "module.aws.module.snapshot-exporter-lambda.aws_iam_policy.additional_jsons",
            "module.aws.module.snapshot-exporter-lambda.aws_iam_policy.async",
            "module.aws.module.snapshot-exporter-lambda.aws_iam_policy.dead_letter",
            "module.aws.module.snapshot-exporter-lambda.aws_iam_policy.logs",
            "module.aws.module.snapshot-exporter-lambda.aws_iam_policy.tracing",
            "module.aws.module.snapshot-exporter-lambda.aws_iam_policy.vpc",
            "module.aws.module.snapshot-exporter-lambda.aws_iam_role.lambda",
            "module.aws.module.snapshot-exporter-lambda.aws_iam_role_policy_attachment.additional_inline",
            "module.aws.module.snapshot-exporter-lambda.aws_iam_role_policy_attachment.additional_json",
            "module.aws.module.snapshot-exporter-lambda.aws_iam_role_policy_attachment.additional_jsons",
            "module.aws.module.snapshot-exporter-lambda.aws_iam_role_policy_attachment.additional_many",
            "module.aws.module.snapshot-exporter-lambda.aws_iam_role_policy_attachment.additional_one",
            "module.aws.module.snapshot-exporter-lambda.aws_iam_role_policy_attachment.async",
            "module.aws.module.snapshot-exporter-lambda.aws_iam_role_policy_attachment.dead_letter",
            "module.aws.module.snapshot-exporter-lambda.aws_iam_role_policy_attachment.logs",
            "module.aws.module.snapshot-exporter-lambda.aws_iam_role_policy_attachment.tracing",
            "module.aws.module.snapshot-exporter-lambda.aws_iam_role_policy_attachment.vpc",
            "module.aws.module.snapshot-exporter-lambda.aws_s3_object.lambda_package",
            "module.aws.module.snapshot-exporter-lambda.data.aws_arn.log_group_arn",
            "module.aws.module.snapshot-exporter-lambda.data.aws_cloudwatch_log_group.lambda",
            "module.aws.module.snapshot-exporter-lambda.data.aws_iam_policy.tracing",
            "module.aws.module.snapshot-exporter-lambda.data.aws_iam_policy.vpc",
            "module.aws.module.snapshot-exporter-lambda.data.aws_iam_policy_document.additional_inline",
            "module.aws.module.snapshot-exporter-lambda.data.aws_iam_policy_document.assume_role",
            "module.aws.module.snapshot-exporter-lambda.data.aws_iam_policy_document.async",
            "module.aws.module.snapshot-exporter-lambda.data.aws_iam_policy_document.dead_letter",
            "module.aws.module.snapshot-exporter-lambda.data.aws_iam_policy_document.logs",
            "module.aws.module.snapshot-exporter-lambda.data.aws_partition.current",
            "module.aws.module.snapshot-exporter-lambda.data.external.archive_prepare",
            "module.aws.module.snapshot-exporter-lambda.local_file.archive_plan",
            "module.aws.module.snapshot-exporter-lambda.null_resource.archive",
            "module.aws.module.vpc.aws_subnet.private",
            "module.aws.module.vpc.aws_vpc.this",
            "module.aws.module.vpc.aws_vpc_ipv4_cidr_block_association.this"
          ],
          "create_before_destroy": true
        }
      ]
    },
    {
      "module": "module.aws.module.snapshot-exporter-lambda",
      "mode": "managed",
      "type": "local_file",
      "name": "archive_plan",
      "provider": "provider[\"registry.terraform.io/hashicorp/local\"]",
      "instances": [
        {
          "index_key": 0,
          "schema_version": 0,
          "attributes": {
            "content": "{\"filename\": \"builds/2ecb6940788b21a61f08bc9413002a76d0ea3568ce679dca30098ecaef07a677.zip\", \"runtime\": \"python3.11\", \"artifacts_dir\": \"builds\", \"build_plan\": [[\"zip\", \"aws/lambdas/snapshot_exporter\", null]]}",
            "content_base64": null,
            "content_base64sha256": "Y01oPpum2Xd1lWD17LauickwbLyxIdamA7YTS1o0pR8=",
            "content_base64sha512": "YrMVBDB18ee6Orfmpe2kA6N75GELW3SVNTI1Dk2Gm0/H1kV5gf53lIH4hhkyjEQdqKEqcEOtiNmBNNYO9Its8Q==",
            "content_md5": "1743cc05167724d1c0e4f6ce8ee05644",
            "content_sha1": "40a90529224bef7c9a9afd087c90d24abe097321",
            "content_sha256": "634d683e9ba6d977759560f5ecb6ae89c9306cbcb121d6a603b6134b5a34a51f",
            "content_sha512": "62b315043075f1e7ba3ab7e6a5eda403a37be4610b5b74953532350e4d869b4fc7d6457981fe779481f88619328c441da8a12a7043ad88d98134d60ef48b6cf1",
            "directory_permission": "0755",
            "file_permission": "0644",
            "filename": "builds/2ecb6940788b21a61f08bc9413002a76d0ea3568ce679dca30098ecaef07a677.plan.json",
            "id": "40a90529224bef7c9a9afd087c90d24abe097321",
            "sensitive_content": null,
            "source": null
          },
          "sensitive_attributes": [
            [
              {
                "type": "get_attr",
                "value": "sensitive_content"
              }
            ]
          ],
          "dependencies": [
            "module.aws.module.snapshot-exporter-lambda.data.external.archive_prepare"
          ],
          "create_before_destroy": true
        }
      ]
    },
    {
      "module": "module.aws.module.snapshot-exporter-lambda",
      "mode": "managed",
      "type": "null_resource",
      "name": "archive",
      "provider": "provider[\"registry.terraform.io/hashicorp/null\"]",
      "instances": [
        {
          "index_key": 0,
          "schema_version": 0,
          "attributes": {
            "id": "6361638950947249796",
            "triggers": {
              "filename": "builds/2ecb6940788b21a61f08bc9413002a76d0ea3568ce679dca30098ecaef07a677.zip",
              "timestamp": "1727874155970855000"
            }
          },
          "sensitive_attributes": [],
          "dependencies": [
            "module.aws.module.snapshot-exporter-lambda.data.external.archive_prepare",
            "module.aws.module.snapshot-exporter-lambda.local_file.archive_plan"
          ],
          "create_before_destroy": true
        }
      ]
    },
    {
      "module": "module.aws.module.vpc",
      "mode": "managed",
      "type": "aws_default_network_acl",
      "name": "this",
      "provider": "module.aws.provider[\"registry.terraform.io/hashicorp/aws\"]",
      "instances": [
        {
          "index_key": 0,
          "schema_version": 0,
          "attributes": {
            "arn": "arn:aws:ec2:ap-northeast-1:702523354588:network-acl/acl-03505fac4f1bda827",
            "default_network_acl_id": "acl-03505fac4f1bda827",
            "egress": [
              {
                "action": "allow",
                "cidr_block": "",
                "from_port": 0,
                "icmp_code": 0,
                "icmp_type": 0,
                "ipv6_cidr_block": "::/0",
                "protocol": "-1",
                "rule_no": 101,
                "to_port": 0
              },
              {
                "action": "allow",
                "cidr_block": "0.0.0.0/0",
                "from_port": 0,
                "icmp_code": 0,
                "icmp_type": 0,
                "ipv6_cidr_block": "",
                "protocol": "-1",
                "rule_no": 100,
                "to_port": 0
              }
            ],
            "id": "acl-03505fac4f1bda827",
            "ingress": [
              {
                "action": "allow",
                "cidr_block": "",
                "from_port": 0,
                "icmp_code": 0,
                "icmp_type": 0,
                "ipv6_cidr_block": "::/0",
                "protocol": "-1",
                "rule_no": 101,
                "to_port": 0
              },
              {
                "action": "allow",
                "cidr_block": "0.0.0.0/0",
                "from_port": 0,
                "icmp_code": 0,
                "icmp_type": 0,
                "ipv6_cidr_block": "",
                "protocol": "-1",
                "rule_no": 100,
                "to_port": 0
              }
            ],
            "owner_id": "702523354588",
            "subnet_ids": [
              "subnet-06996c51a86093bef",
              "subnet-09c754bc2668cee9c",
              "subnet-0c8d8c58a78e5c344",
              "subnet-0fc8ec293981272ee"
            ],
            "tags": {
              "Name": "my-vpc-default"
            },
            "tags_all": {
              "Name": "my-vpc-default"
            },
            "vpc_id": "vpc-012ae31893226c39b"
          },
          "sensitive_attributes": [],
          "private": "bnVsbA==",
          "dependencies": [
            "module.aws.module.vpc.aws_vpc.this"
          ]
        }
      ]
    },
    {
      "module": "module.aws.module.vpc",
      "mode": "managed",
      "type": "aws_default_route_table",
      "name": "default",
      "provider": "module.aws.provider[\"registry.terraform.io/hashicorp/aws\"]",
      "instances": [
        {
          "index_key": 0,
          "schema_version": 0,
          "attributes": {
            "arn": "arn:aws:ec2:ap-northeast-1:702523354588:route-table/rtb-01a87cba969547320",
            "default_route_table_id": "rtb-01a87cba969547320",
            "id": "rtb-01a87cba969547320",
            "owner_id": "702523354588",
            "propagating_vgws": [],
            "route": [],
            "tags": {
              "Name": "my-vpc-default"
            },
            "tags_all": {
              "Name": "my-vpc-default"
            },
            "timeouts": {
              "create": "5m",
              "update": "5m"
            },
            "vpc_id": "vpc-012ae31893226c39b"
          },
          "sensitive_attributes": [],
          "private": "eyJlMmJmYjczMC1lY2FhLTExZTYtOGY4OC0zNDM2M2JjN2M0YzAiOnsiY3JlYXRlIjozMDAwMDAwMDAwMDAsInVwZGF0ZSI6MzAwMDAwMDAwMDAwfX0=",
          "dependencies": [
            "module.aws.module.vpc.aws_vpc.this"
          ]
        }
      ]
    },
    {
      "module": "module.aws.module.vpc",
      "mode": "managed",
      "type": "aws_default_security_group",
      "name": "this",
      "provider": "module.aws.provider[\"registry.terraform.io/hashicorp/aws\"]",
      "instances": [
        {
          "index_key": 0,
          "schema_version": 1,
          "attributes": {
            "arn": "arn:aws:ec2:ap-northeast-1:702523354588:security-group/sg-025f3c2ed05f7d9b0",
            "description": "default VPC security group",
            "egress": [],
            "id": "sg-025f3c2ed05f7d9b0",
            "ingress": [],
            "name": "default",
            "name_prefix": "",
            "owner_id": "702523354588",
            "revoke_rules_on_delete": false,
            "tags": {
              "Name": "my-vpc-default"
            },
            "tags_all": {
              "Name": "my-vpc-default"
            },
            "vpc_id": "vpc-012ae31893226c39b"
          },
          "sensitive_attributes": [],
          "private": "eyJzY2hlbWFfdmVyc2lvbiI6IjEifQ==",
          "dependencies": [
            "module.aws.module.vpc.aws_vpc.this"
          ]
        }
      ]
    },
    {
      "module": "module.aws.module.vpc",
      "mode": "managed",
      "type": "aws_internet_gateway",
      "name": "this",
      "provider": "module.aws.provider[\"registry.terraform.io/hashicorp/aws\"]",
      "instances": [
        {
          "index_key": 0,
          "schema_version": 0,
          "attributes": {
            "arn": "arn:aws:ec2:ap-northeast-1:702523354588:internet-gateway/igw-0291c834b1bb12d90",
            "id": "igw-0291c834b1bb12d90",
            "owner_id": "702523354588",
            "tags": {
              "Name": "my-vpc"
            },
            "tags_all": {
              "Name": "my-vpc"
            },
            "timeouts": null,
            "vpc_id": "vpc-012ae31893226c39b"
          },
          "sensitive_attributes": [],
          "private": "eyJlMmJmYjczMC1lY2FhLTExZTYtOGY4OC0zNDM2M2JjN2M0YzAiOnsiY3JlYXRlIjoxMjAwMDAwMDAwMDAwLCJkZWxldGUiOjEyMDAwMDAwMDAwMDAsInVwZGF0ZSI6MTIwMDAwMDAwMDAwMH19",
          "dependencies": [
            "module.aws.module.vpc.aws_vpc.this",
            "module.aws.module.vpc.aws_vpc_ipv4_cidr_block_association.this"
          ]
        }
      ]
    },
    {
      "module": "module.aws.module.vpc",
      "mode": "managed",
      "type": "aws_route",
      "name": "public_internet_gateway",
      "provider": "module.aws.provider[\"registry.terraform.io/hashicorp/aws\"]",
      "instances": [
        {
          "index_key": 0,
          "schema_version": 0,
          "attributes": {
            "carrier_gateway_id": "",
            "core_network_arn": "",
            "destination_cidr_block": "0.0.0.0/0",
            "destination_ipv6_cidr_block": "",
            "destination_prefix_list_id": "",
            "egress_only_gateway_id": "",
            "gateway_id": "igw-0291c834b1bb12d90",
            "id": "r-rtb-0de10134b1263814a1080289494",
            "instance_id": "",
            "instance_owner_id": "",
            "local_gateway_id": "",
            "nat_gateway_id": "",
            "network_interface_id": "",
            "origin": "CreateRoute",
            "route_table_id": "rtb-0de10134b1263814a",
            "state": "active",
            "timeouts": {
              "create": "5m",
              "delete": null,
              "update": null
            },
            "transit_gateway_id": "",
            "vpc_endpoint_id": "",
            "vpc_peering_connection_id": ""
          },
          "sensitive_attributes": [],
          "private": "eyJlMmJmYjczMC1lY2FhLTExZTYtOGY4OC0zNDM2M2JjN2M0YzAiOnsiY3JlYXRlIjozMDAwMDAwMDAwMDAsImRlbGV0ZSI6MzAwMDAwMDAwMDAwLCJ1cGRhdGUiOjEyMDAwMDAwMDAwMH19",
          "dependencies": [
            "module.aws.module.vpc.aws_internet_gateway.this",
            "module.aws.module.vpc.aws_route_table.public",
            "module.aws.module.vpc.aws_vpc.this",
            "module.aws.module.vpc.aws_vpc_ipv4_cidr_block_association.this"
          ]
        }
      ]
    },
    {
      "module": "module.aws.module.vpc",
      "mode": "managed",
      "type": "aws_route_table",
      "name": "private",
      "provider": "module.aws.provider[\"registry.terraform.io/hashicorp/aws\"]",
      "instances": [
        {
          "index_key": 0,
          "schema_version": 0,
          "attributes": {
            "arn": "arn:aws:ec2:ap-northeast-1:702523354588:route-table/rtb-04d338bf2741d4f54",
            "id": "rtb-04d338bf2741d4f54",
            "owner_id": "702523354588",
            "propagating_vgws": [],
            "route": [],
            "tags": {
              "Name": "my-vpc-private-ap-northeast-1a"
            },
            "tags_all": {
              "Name": "my-vpc-private-ap-northeast-1a"
            },
            "timeouts": null,
            "vpc_id": "vpc-012ae31893226c39b"
          },
          "sensitive_attributes": [],
          "private": "eyJlMmJmYjczMC1lY2FhLTExZTYtOGY4OC0zNDM2M2JjN2M0YzAiOnsiY3JlYXRlIjozMDAwMDAwMDAwMDAsImRlbGV0ZSI6MzAwMDAwMDAwMDAwLCJ1cGRhdGUiOjEyMDAwMDAwMDAwMH19",
          "dependencies": [
            "module.aws.module.vpc.aws_vpc.this",
            "module.aws.module.vpc.aws_vpc_ipv4_cidr_block_association.this"
          ]
        },
        {
          "index_key": 1,
          "schema_version": 0,
          "attributes": {
            "arn": "arn:aws:ec2:ap-northeast-1:702523354588:route-table/rtb-06d4439a677f74f85",
            "id": "rtb-06d4439a677f74f85",
            "owner_id": "702523354588",
            "propagating_vgws": [],
            "route": [],
            "tags": {
              "Name": "my-vpc-private-ap-northeast-1c"
            },
            "tags_all": {
              "Name": "my-vpc-private-ap-northeast-1c"
            },
            "timeouts": null,
            "vpc_id": "vpc-012ae31893226c39b"
          },
          "sensitive_attributes": [],
          "private": "eyJlMmJmYjczMC1lY2FhLTExZTYtOGY4OC0zNDM2M2JjN2M0YzAiOnsiY3JlYXRlIjozMDAwMDAwMDAwMDAsImRlbGV0ZSI6MzAwMDAwMDAwMDAwLCJ1cGRhdGUiOjEyMDAwMDAwMDAwMH19",
          "dependencies": [
            "module.aws.module.vpc.aws_vpc.this",
            "module.aws.module.vpc.aws_vpc_ipv4_cidr_block_association.this"
          ]
        }
      ]
    },
    {
      "module": "module.aws.module.vpc",
      "mode": "managed",
      "type": "aws_route_table",
      "name": "public",
      "provider": "module.aws.provider[\"registry.terraform.io/hashicorp/aws\"]",
      "instances": [
        {
          "index_key": 0,
          "schema_version": 0,
          "attributes": {
            "arn": "arn:aws:ec2:ap-northeast-1:702523354588:route-table/rtb-0de10134b1263814a",
            "id": "rtb-0de10134b1263814a",
            "owner_id": "702523354588",
            "propagating_vgws": [],
            "route": [
              {
                "carrier_gateway_id": "",
                "cidr_block": "0.0.0.0/0",
                "core_network_arn": "",
                "destination_prefix_list_id": "",
                "egress_only_gateway_id": "",
                "gateway_id": "igw-0291c834b1bb12d90",
                "ipv6_cidr_block": "",
                "local_gateway_id": "",
                "nat_gateway_id": "",
                "network_interface_id": "",
                "transit_gateway_id": "",
                "vpc_endpoint_id": "",
                "vpc_peering_connection_id": ""
              }
            ],
            "tags": {
              "Name": "my-vpc-public"
            },
            "tags_all": {
              "Name": "my-vpc-public"
            },
            "timeouts": null,
            "vpc_id": "vpc-012ae31893226c39b"
          },
          "sensitive_attributes": [],
          "private": "eyJlMmJmYjczMC1lY2FhLTExZTYtOGY4OC0zNDM2M2JjN2M0YzAiOnsiY3JlYXRlIjozMDAwMDAwMDAwMDAsImRlbGV0ZSI6MzAwMDAwMDAwMDAwLCJ1cGRhdGUiOjEyMDAwMDAwMDAwMH19",
          "dependencies": [
            "module.aws.module.vpc.aws_vpc.this",
            "module.aws.module.vpc.aws_vpc_ipv4_cidr_block_association.this"
          ]
        }
      ]
    },
    {
      "module": "module.aws.module.vpc",
      "mode": "managed",
      "type": "aws_route_table_association",
      "name": "private",
      "provider": "module.aws.provider[\"registry.terraform.io/hashicorp/aws\"]",
      "instances": [
        {
          "index_key": 0,
          "schema_version": 0,
          "attributes": {
            "gateway_id": "",
            "id": "rtbassoc-0029a866db747c540",
            "route_table_id": "rtb-04d338bf2741d4f54",
            "subnet_id": "subnet-09c754bc2668cee9c",
            "timeouts": null
          },
          "sensitive_attributes": [],
          "private": "eyJlMmJmYjczMC1lY2FhLTExZTYtOGY4OC0zNDM2M2JjN2M0YzAiOnsiY3JlYXRlIjozMDAwMDAwMDAwMDAsImRlbGV0ZSI6MzAwMDAwMDAwMDAwLCJ1cGRhdGUiOjEyMDAwMDAwMDAwMH19",
          "dependencies": [
            "module.aws.module.vpc.aws_route_table.private",
            "module.aws.module.vpc.aws_subnet.private",
            "module.aws.module.vpc.aws_vpc.this",
            "module.aws.module.vpc.aws_vpc_ipv4_cidr_block_association.this"
          ]
        },
        {
          "index_key": 1,
          "schema_version": 0,
          "attributes": {
            "gateway_id": "",
            "id": "rtbassoc-00d69aa0d2d35d65b",
            "route_table_id": "rtb-06d4439a677f74f85",
            "subnet_id": "subnet-0c8d8c58a78e5c344",
            "timeouts": null
          },
          "sensitive_attributes": [],
          "private": "eyJlMmJmYjczMC1lY2FhLTExZTYtOGY4OC0zNDM2M2JjN2M0YzAiOnsiY3JlYXRlIjozMDAwMDAwMDAwMDAsImRlbGV0ZSI6MzAwMDAwMDAwMDAwLCJ1cGRhdGUiOjEyMDAwMDAwMDAwMH19",
          "dependencies": [
            "module.aws.module.vpc.aws_route_table.private",
            "module.aws.module.vpc.aws_subnet.private",
            "module.aws.module.vpc.aws_vpc.this",
            "module.aws.module.vpc.aws_vpc_ipv4_cidr_block_association.this"
          ]
        }
      ]
    },
    {
      "module": "module.aws.module.vpc",
      "mode": "managed",
      "type": "aws_route_table_association",
      "name": "public",
      "provider": "module.aws.provider[\"registry.terraform.io/hashicorp/aws\"]",
      "instances": [
        {
          "index_key": 0,
          "schema_version": 0,
          "attributes": {
            "gateway_id": "",
            "id": "rtbassoc-095deb27de1e93db3",
            "route_table_id": "rtb-0de10134b1263814a",
            "subnet_id": "subnet-06996c51a86093bef",
            "timeouts": null
          },
          "sensitive_attributes": [],
          "private": "eyJlMmJmYjczMC1lY2FhLTExZTYtOGY4OC0zNDM2M2JjN2M0YzAiOnsiY3JlYXRlIjozMDAwMDAwMDAwMDAsImRlbGV0ZSI6MzAwMDAwMDAwMDAwLCJ1cGRhdGUiOjEyMDAwMDAwMDAwMH19",
          "dependencies": [
            "module.aws.module.vpc.aws_route_table.public",
            "module.aws.module.vpc.aws_subnet.public",
            "module.aws.module.vpc.aws_vpc.this",
            "module.aws.module.vpc.aws_vpc_ipv4_cidr_block_association.this"
          ]
        },
        {
          "index_key": 1,
          "schema_version": 0,
          "attributes": {
            "gateway_id": "",
            "id": "rtbassoc-0f31de3c1509ec55f",
            "route_table_id": "rtb-0de10134b1263814a",
            "subnet_id": "subnet-0fc8ec293981272ee",
            "timeouts": null
          },
          "sensitive_attributes": [],
          "private": "eyJlMmJmYjczMC1lY2FhLTExZTYtOGY4OC0zNDM2M2JjN2M0YzAiOnsiY3JlYXRlIjozMDAwMDAwMDAwMDAsImRlbGV0ZSI6MzAwMDAwMDAwMDAwLCJ1cGRhdGUiOjEyMDAwMDAwMDAwMH19",
          "dependencies": [
            "module.aws.module.vpc.aws_route_table.public",
            "module.aws.module.vpc.aws_subnet.public",
            "module.aws.module.vpc.aws_vpc.this",
            "module.aws.module.vpc.aws_vpc_ipv4_cidr_block_association.this"
          ]
        }
      ]
    },
    {
      "module": "module.aws.module.vpc",
      "mode": "managed",
      "type": "aws_subnet",
      "name": "private",
      "provider": "module.aws.provider[\"registry.terraform.io/hashicorp/aws\"]",
      "instances": [
        {
          "index_key": 0,
          "schema_version": 1,
          "attributes": {
            "arn": "arn:aws:ec2:ap-northeast-1:702523354588:subnet/subnet-09c754bc2668cee9c",
            "assign_ipv6_address_on_creation": false,
            "availability_zone": "ap-northeast-1a",
            "availability_zone_id": "apne1-az4",
            "cidr_block": "12.0.101.0/24",
            "customer_owned_ipv4_pool": "",
            "enable_dns64": false,
            "enable_lni_at_device_index": 0,
            "enable_resource_name_dns_a_record_on_launch": false,
            "enable_resource_name_dns_aaaa_record_on_launch": false,
            "id": "subnet-09c754bc2668cee9c",
            "ipv6_cidr_block": "",
            "ipv6_cidr_block_association_id": "",
            "ipv6_native": false,
            "map_customer_owned_ip_on_launch": false,
            "map_public_ip_on_launch": false,
            "outpost_arn": "",
            "owner_id": "702523354588",
            "private_dns_hostname_type_on_launch": "ip-name",
            "tags": {
              "Name": "my-vpc-private-ap-northeast-1a"
            },
            "tags_all": {
              "Name": "my-vpc-private-ap-northeast-1a"
            },
            "timeouts": null,
            "vpc_id": "vpc-012ae31893226c39b"
          },
          "sensitive_attributes": [],
          "private": "eyJlMmJmYjczMC1lY2FhLTExZTYtOGY4OC0zNDM2M2JjN2M0YzAiOnsiY3JlYXRlIjo2MDAwMDAwMDAwMDAsImRlbGV0ZSI6MTIwMDAwMDAwMDAwMH0sInNjaGVtYV92ZXJzaW9uIjoiMSJ9",
          "dependencies": [
            "module.aws.module.vpc.aws_vpc.this",
            "module.aws.module.vpc.aws_vpc_ipv4_cidr_block_association.this"
          ],
          "create_before_destroy": true
        },
        {
          "index_key": 1,
          "schema_version": 1,
          "attributes": {
            "arn": "arn:aws:ec2:ap-northeast-1:702523354588:subnet/subnet-0c8d8c58a78e5c344",
            "assign_ipv6_address_on_creation": false,
            "availability_zone": "ap-northeast-1c",
            "availability_zone_id": "apne1-az1",
            "cidr_block": "12.0.102.0/24",
            "customer_owned_ipv4_pool": "",
            "enable_dns64": false,
            "enable_lni_at_device_index": 0,
            "enable_resource_name_dns_a_record_on_launch": false,
            "enable_resource_name_dns_aaaa_record_on_launch": false,
            "id": "subnet-0c8d8c58a78e5c344",
            "ipv6_cidr_block": "",
            "ipv6_cidr_block_association_id": "",
            "ipv6_native": false,
            "map_customer_owned_ip_on_launch": false,
            "map_public_ip_on_launch": false,
            "outpost_arn": "",
            "owner_id": "702523354588",
            "private_dns_hostname_type_on_launch": "ip-name",
            "tags": {
              "Name": "my-vpc-private-ap-northeast-1c"
            },
            "tags_all": {
              "Name": "my-vpc-private-ap-northeast-1c"
            },
            "timeouts": null,
            "vpc_id": "vpc-012ae31893226c39b"
          },
          "sensitive_attributes": [],
          "private": "eyJlMmJmYjczMC1lY2FhLTExZTYtOGY4OC0zNDM2M2JjN2M0YzAiOnsiY3JlYXRlIjo2MDAwMDAwMDAwMDAsImRlbGV0ZSI6MTIwMDAwMDAwMDAwMH0sInNjaGVtYV92ZXJzaW9uIjoiMSJ9",
          "dependencies": [
            "module.aws.module.vpc.aws_vpc.this",
            "module.aws.module.vpc.aws_vpc_ipv4_cidr_block_association.this"
          ],
          "create_before_destroy": true
        }
      ]
    },
    {
      "module": "module.aws.module.vpc",
      "mode": "managed",
      "type": "aws_subnet",
      "name": "public",
      "provider": "module.aws.provider[\"registry.terraform.io/hashicorp/aws\"]",
      "instances": [
        {
          "index_key": 0,
          "schema_version": 1,
          "attributes": {
            "arn": "arn:aws:ec2:ap-northeast-1:702523354588:subnet/subnet-06996c51a86093bef",
            "assign_ipv6_address_on_creation": false,
            "availability_zone": "ap-northeast-1a",
            "availability_zone_id": "apne1-az4",
            "cidr_block": "12.0.1.0/24",
            "customer_owned_ipv4_pool": "",
            "enable_dns64": false,
            "enable_lni_at_device_index": 0,
            "enable_resource_name_dns_a_record_on_launch": false,
            "enable_resource_name_dns_aaaa_record_on_launch": false,
            "id": "subnet-06996c51a86093bef",
            "ipv6_cidr_block": "",
            "ipv6_cidr_block_association_id": "",
            "ipv6_native": false,
            "map_customer_owned_ip_on_launch": false,
            "map_public_ip_on_launch": false,
            "outpost_arn": "",
            "owner_id": "702523354588",
            "private_dns_hostname_type_on_launch": "ip-name",
            "tags": {
              "Name": "my-vpc-public-ap-northeast-1a"
            },
            "tags_all": {
              "Name": "my-vpc-public-ap-northeast-1a"
            },
            "timeouts": null,
            "vpc_id": "vpc-012ae31893226c39b"
          },
          "sensitive_attributes": [],
          "private": "eyJlMmJmYjczMC1lY2FhLTExZTYtOGY4OC0zNDM2M2JjN2M0YzAiOnsiY3JlYXRlIjo2MDAwMDAwMDAwMDAsImRlbGV0ZSI6MTIwMDAwMDAwMDAwMH0sInNjaGVtYV92ZXJzaW9uIjoiMSJ9",
          "dependencies": [
            "module.aws.module.vpc.aws_vpc.this",
            "module.aws.module.vpc.aws_vpc_ipv4_cidr_block_association.this"
          ]
        },
        {
          "index_key": 1,
          "schema_version": 1,
          "attributes": {
            "arn": "arn:aws:ec2:ap-northeast-1:702523354588:subnet/subnet-0fc8ec293981272ee",
            "assign_ipv6_address_on_creation": false,
            "availability_zone": "ap-northeast-1c",
            "availability_zone_id": "apne1-az1",
            "cidr_block": "12.0.2.0/24",
            "customer_owned_ipv4_pool": "",
            "enable_dns64": false,
            "enable_lni_at_device_index": 0,
            "enable_resource_name_dns_a_record_on_launch": false,
            "enable_resource_name_dns_aaaa_record_on_launch": false,
            "id": "subnet-0fc8ec293981272ee",
            "ipv6_cidr_block": "",
            "ipv6_cidr_block_association_id": "",
            "ipv6_native": false,
            "map_customer_owned_ip_on_launch": false,
            "map_public_ip_on_launch": false,
            "outpost_arn": "",
            "owner_id": "702523354588",
            "private_dns_hostname_type_on_launch": "ip-name",
            "tags": {
              "Name": "my-vpc-public-ap-northeast-1c"
            },
            "tags_all": {
              "Name": "my-vpc-public-ap-northeast-1c"
            },
            "timeouts": null,
            "vpc_id": "vpc-012ae31893226c39b"
          },
          "sensitive_attributes": [],
          "private": "eyJlMmJmYjczMC1lY2FhLTExZTYtOGY4OC0zNDM2M2JjN2M0YzAiOnsiY3JlYXRlIjo2MDAwMDAwMDAwMDAsImRlbGV0ZSI6MTIwMDAwMDAwMDAwMH0sInNjaGVtYV92ZXJzaW9uIjoiMSJ9",
          "dependencies": [
            "module.aws.module.vpc.aws_vpc.this",
            "module.aws.module.vpc.aws_vpc_ipv4_cidr_block_association.this"
          ]
        }
      ]
    },
    {
      "module": "module.aws.module.vpc",
      "mode": "managed",
      "type": "aws_vpc",
      "name": "this",
      "provider": "module.aws.provider[\"registry.terraform.io/hashicorp/aws\"]",
      "instances": [
        {
          "index_key": 0,
          "schema_version": 1,
          "attributes": {
            "arn": "arn:aws:ec2:ap-northeast-1:702523354588:vpc/vpc-012ae31893226c39b",
            "assign_generated_ipv6_cidr_block": false,
            "cidr_block": "12.0.0.0/16",
            "default_network_acl_id": "acl-03505fac4f1bda827",
            "default_route_table_id": "rtb-01a87cba969547320",
            "default_security_group_id": "sg-025f3c2ed05f7d9b0",
            "dhcp_options_id": "dopt-04782e0b762fa01da",
            "enable_dns_hostnames": true,
            "enable_dns_support": true,
            "enable_network_address_usage_metrics": false,
            "id": "vpc-012ae31893226c39b",
            "instance_tenancy": "default",
            "ipv4_ipam_pool_id": null,
            "ipv4_netmask_length": null,
            "ipv6_association_id": "",
            "ipv6_cidr_block": "",
            "ipv6_cidr_block_network_border_group": "",
            "ipv6_ipam_pool_id": "",
            "ipv6_netmask_length": 0,
            "main_route_table_id": "rtb-01a87cba969547320",
            "owner_id": "702523354588",
            "tags": {
              "Name": "my-vpc"
            },
            "tags_all": {
              "Name": "my-vpc"
            }
          },
          "sensitive_attributes": [],
          "private": "eyJzY2hlbWFfdmVyc2lvbiI6IjEifQ==",
          "create_before_destroy": true
        }
      ]
    }
  ],
  "check_results": null
}
